
Microsoft Visual Studio Solution File, Format Version 11.00
# Visual Studio 2010
Project("{FAE04EC0-301F-11D3-BF4B-00C04F79EFBC}") = "CSShellExtPreviewHandler", "CSShellExtPreviewHandler\CSShellExtPreviewHandler.csproj", "{06094C95-900F-488E-A995-D71722C42138}"
EndProject
Project("{54435603-DBB4-11D2-8724-00A0C9A8B90C}") = "CSShellExtPreviewHandlerSetup(x86)", "CSShellExtPreviewHandler\CSShellExtPreviewHandlerSetup(x86)\CSShellExtPreviewHandlerSetup(x86).vdproj", "{EF6AFEB1-49B7-4DCA-BF70-C24DA0BE395C}"
EndProject
Project("{54435603-DBB4-11D2-8724-00A0C9A8B90C}") = "CSShellExtPreviewHandlerSetup(x64)", "CSShellExtPreviewHandler\CSShellExtPreviewHandlerSetup(x64)\CSShellExtPreviewHandlerSetup(x64).vdproj", "{FED4B8B0-F27F-45EB-9FEA-A4E2B363CD4F}"
EndProject
Global
	GlobalSection(SolutionConfigurationPlatforms) = preSolution
		Debug|Any CPU = Debug|Any CPU
		Release|Any CPU = Release|Any CPU
	EndGlobalSection
	GlobalSection(ProjectConfigurationPlatforms) = postSolution
		{06094C95-900F-488E-A995-D71722C42138}.Debug|Any CPU.ActiveCfg = Debug|Any CPU
		{06094C95-900F-488E-A995-D71722C42138}.Debug|Any CPU.Build.0 = Debug|Any CPU
		{06094C95-900F-488E-A995-D71722C42138}.Release|Any CPU.ActiveCfg = Release|Any CPU
		{06094C95-900F-488E-A995-D71722C42138}.Release|Any CPU.Build.0 = Release|Any CPU
		{EF6AFEB1-49B7-4DCA-BF70-C24DA0BE395C}.Debug|Any CPU.ActiveCfg = Debug
		{EF6AFEB1-49B7-4DCA-BF70-C24DA0BE395C}.Debug|Any CPU.Build.0 = Debug
		{EF6AFEB1-49B7-4DCA-BF70-C24DA0BE395C}.Release|Any CPU.ActiveCfg = Release
		{EF6AFEB1-49B7-4DCA-BF70-C24DA0BE395C}.Release|Any CPU.Build.0 = Release
		{FED4B8B0-F27F-45EB-9FEA-A4E2B363CD4F}.Debug|Any CPU.ActiveCfg = Debug
		{FED4B8B0-F27F-45EB-9FEA-A4E2B363CD4F}.Debug|Any CPU.Build.0 = Debug
		{FED4B8B0-F27F-45EB-9FEA-A4E2B363CD4F}.Release|Any CPU.ActiveCfg = Release
		{FED4B8B0-F27F-45EB-9FEA-A4E2B363CD4F}.Release|Any CPU.Build.0 = Release
	EndGlobalSection
	GlobalSection(SolutionProperties) = preSolution
		HideSolutionNode = FALSE
	EndGlobalSection
EndGlobal
