
Microsoft Visual Studio Solution File, Format Version 10.00
# Visual Studio 2008
Project("{8BC9CEB8-8B4A-11D0-8D11-00A0C91BC942}") = "ATLDllCOMServer", "ATLDllCOMServer\ATLDllCOMServer.vcproj", "{17919E3C-D862-435F-8667-F7261D686C94}"
EndProject
Project("{F184B08F-C81C-45F6-A57F-5ABD9991F28F}") = "VBDllCOMServer", "VBDllCOMServer\VBDllCOMServer.vbproj", "{CA87E41B-4E3E-4C7E-B9DB-2896BDCBEB5D}"
EndProject
Project("{F184B08F-C81C-45F6-A57F-5ABD9991F28F}") = "VBCOMClient", "VBCOMClient\VBCOMClient.vbproj", "{A719351B-38E9-4220-B36F-93A0C4497C43}"
	ProjectSection(ProjectDependencies) = postProject
		{4DA41212-2B4D-4DEF-A3FF-54DC5AFF3328} = {4DA41212-2B4D-4DEF-A3FF-54DC5AFF3328}
		{17919E3C-D862-435F-8667-F7261D686C94} = {17919E3C-D862-435F-8667-F7261D686C94}
	EndProjectSection
EndProject
Project("{FAE04EC0-301F-11D3-BF4B-00C04F79EFBC}") = "HTMLEmbedActiveX", "HTMLEmbedActiveX\HTMLEmbedActiveX.csproj", "{3FE751B4-F29E-44BC-B051-7D66DCA3C8E3}"
	ProjectSection(ProjectDependencies) = postProject
		{4DA41212-2B4D-4DEF-A3FF-54DC5AFF3328} = {4DA41212-2B4D-4DEF-A3FF-54DC5AFF3328}
	EndProjectSection
EndProject
Project("{8BC9CEB8-8B4A-11D0-8D11-00A0C91BC942}") = "MFCActiveX", "MFCActiveX\MFCActiveX.vcproj", "{4DA41212-2B4D-4DEF-A3FF-54DC5AFF3328}"
EndProject
Project("{F184B08F-C81C-45F6-A57F-5ABD9991F28F}") = "VBActiveX", "VBActiveX\VBActiveX.vbproj", "{6FE5AC6D-E08F-4418-86D3-3EC7899E2A38}"
EndProject
Project("{F184B08F-C81C-45F6-A57F-5ABD9991F28F}") = "VBServicedComponent", "VBServicedComponent\VBServicedComponent.vbproj", "{2F92AC8F-BEED-4052-98DE-38F0B9A2CD84}"
EndProject
Project("{F184B08F-C81C-45F6-A57F-5ABD9991F28F}") = "VBExeCOMServer", "VBExeCOMServer\VBExeCOMServer.vbproj", "{81FD1B88-8D60-4EE5-B50A-FFED1788DCAE}"
EndProject
Project("{2150E333-8FDC-42A3-9474-1A3956D46DE8}") = "In-process COM", "In-process COM", "{4AD0720A-A42C-4446-BC51-FE61611BAC55}"
EndProject
Project("{2150E333-8FDC-42A3-9474-1A3956D46DE8}") = "Out-of-process COM", "Out-of-process COM", "{C8E555EA-BD97-4123-93A2-AADC2418FA71}"
EndProject
Project("{2150E333-8FDC-42A3-9474-1A3956D46DE8}") = "Client", "Client", "{5A805ED2-20C5-4E79-B679-AD5E64DAA775}"
EndProject
Project("{2150E333-8FDC-42A3-9474-1A3956D46DE8}") = "ActiveX", "ActiveX", "{62DD8B8B-B5C3-4EE2-AE14-3FEBA95C336E}"
EndProject
Project("{F184B08F-C81C-45F6-A57F-5ABD9991F28F}") = "VBRegFreeCOMServer", "VBRegFreeCOMServer\VBRegFreeCOMServer.vbproj", "{9ACC7432-AC57-4B8F-B084-07AFEE5F72B9}"
EndProject
Global
	GlobalSection(SolutionConfigurationPlatforms) = preSolution
		Debug|Any CPU = Debug|Any CPU
		Debug|Mixed Platforms = Debug|Mixed Platforms
		Debug|Win32 = Debug|Win32
		Release|Any CPU = Release|Any CPU
		Release|Mixed Platforms = Release|Mixed Platforms
		Release|Win32 = Release|Win32
	EndGlobalSection
	GlobalSection(ProjectConfigurationPlatforms) = postSolution
		{17919E3C-D862-435F-8667-F7261D686C94}.Debug|Any CPU.ActiveCfg = Debug|Win32
		{17919E3C-D862-435F-8667-F7261D686C94}.Debug|Mixed Platforms.ActiveCfg = Debug|Win32
		{17919E3C-D862-435F-8667-F7261D686C94}.Debug|Mixed Platforms.Build.0 = Debug|Win32
		{17919E3C-D862-435F-8667-F7261D686C94}.Debug|Win32.ActiveCfg = Debug|Win32
		{17919E3C-D862-435F-8667-F7261D686C94}.Debug|Win32.Build.0 = Debug|Win32
		{17919E3C-D862-435F-8667-F7261D686C94}.Release|Any CPU.ActiveCfg = Release|Win32
		{17919E3C-D862-435F-8667-F7261D686C94}.Release|Mixed Platforms.ActiveCfg = Release|Win32
		{17919E3C-D862-435F-8667-F7261D686C94}.Release|Mixed Platforms.Build.0 = Release|Win32
		{17919E3C-D862-435F-8667-F7261D686C94}.Release|Win32.ActiveCfg = Release|Win32
		{17919E3C-D862-435F-8667-F7261D686C94}.Release|Win32.Build.0 = Release|Win32
		{CA87E41B-4E3E-4C7E-B9DB-2896BDCBEB5D}.Debug|Any CPU.ActiveCfg = Debug|Any CPU
		{CA87E41B-4E3E-4C7E-B9DB-2896BDCBEB5D}.Debug|Any CPU.Build.0 = Debug|Any CPU
		{CA87E41B-4E3E-4C7E-B9DB-2896BDCBEB5D}.Debug|Mixed Platforms.ActiveCfg = Debug|Any CPU
		{CA87E41B-4E3E-4C7E-B9DB-2896BDCBEB5D}.Debug|Mixed Platforms.Build.0 = Debug|Any CPU
		{CA87E41B-4E3E-4C7E-B9DB-2896BDCBEB5D}.Debug|Win32.ActiveCfg = Debug|Any CPU
		{CA87E41B-4E3E-4C7E-B9DB-2896BDCBEB5D}.Release|Any CPU.ActiveCfg = Release|Any CPU
		{CA87E41B-4E3E-4C7E-B9DB-2896BDCBEB5D}.Release|Any CPU.Build.0 = Release|Any CPU
		{CA87E41B-4E3E-4C7E-B9DB-2896BDCBEB5D}.Release|Mixed Platforms.ActiveCfg = Release|Any CPU
		{CA87E41B-4E3E-4C7E-B9DB-2896BDCBEB5D}.Release|Mixed Platforms.Build.0 = Release|Any CPU
		{CA87E41B-4E3E-4C7E-B9DB-2896BDCBEB5D}.Release|Win32.ActiveCfg = Release|Any CPU
		{A719351B-38E9-4220-B36F-93A0C4497C43}.Debug|Any CPU.ActiveCfg = Debug|Any CPU
		{A719351B-38E9-4220-B36F-93A0C4497C43}.Debug|Any CPU.Build.0 = Debug|Any CPU
		{A719351B-38E9-4220-B36F-93A0C4497C43}.Debug|Mixed Platforms.ActiveCfg = Debug|Any CPU
		{A719351B-38E9-4220-B36F-93A0C4497C43}.Debug|Mixed Platforms.Build.0 = Debug|Any CPU
		{A719351B-38E9-4220-B36F-93A0C4497C43}.Debug|Win32.ActiveCfg = Debug|Any CPU
		{A719351B-38E9-4220-B36F-93A0C4497C43}.Release|Any CPU.ActiveCfg = Release|Any CPU
		{A719351B-38E9-4220-B36F-93A0C4497C43}.Release|Any CPU.Build.0 = Release|Any CPU
		{A719351B-38E9-4220-B36F-93A0C4497C43}.Release|Mixed Platforms.ActiveCfg = Release|Any CPU
		{A719351B-38E9-4220-B36F-93A0C4497C43}.Release|Mixed Platforms.Build.0 = Release|Any CPU
		{A719351B-38E9-4220-B36F-93A0C4497C43}.Release|Win32.ActiveCfg = Release|Any CPU
		{3FE751B4-F29E-44BC-B051-7D66DCA3C8E3}.Debug|Any CPU.ActiveCfg = Debug|Any CPU
		{3FE751B4-F29E-44BC-B051-7D66DCA3C8E3}.Debug|Any CPU.Build.0 = Debug|Any CPU
		{3FE751B4-F29E-44BC-B051-7D66DCA3C8E3}.Debug|Mixed Platforms.ActiveCfg = Debug|Any CPU
		{3FE751B4-F29E-44BC-B051-7D66DCA3C8E3}.Debug|Mixed Platforms.Build.0 = Debug|Any CPU
		{3FE751B4-F29E-44BC-B051-7D66DCA3C8E3}.Debug|Win32.ActiveCfg = Debug|Any CPU
		{3FE751B4-F29E-44BC-B051-7D66DCA3C8E3}.Release|Any CPU.ActiveCfg = Release|Any CPU
		{3FE751B4-F29E-44BC-B051-7D66DCA3C8E3}.Release|Any CPU.Build.0 = Release|Any CPU
		{3FE751B4-F29E-44BC-B051-7D66DCA3C8E3}.Release|Mixed Platforms.ActiveCfg = Release|Any CPU
		{3FE751B4-F29E-44BC-B051-7D66DCA3C8E3}.Release|Mixed Platforms.Build.0 = Release|Any CPU
		{3FE751B4-F29E-44BC-B051-7D66DCA3C8E3}.Release|Win32.ActiveCfg = Release|Any CPU
		{4DA41212-2B4D-4DEF-A3FF-54DC5AFF3328}.Debug|Any CPU.ActiveCfg = Debug|Win32
		{4DA41212-2B4D-4DEF-A3FF-54DC5AFF3328}.Debug|Mixed Platforms.ActiveCfg = Release|Win32
		{4DA41212-2B4D-4DEF-A3FF-54DC5AFF3328}.Debug|Mixed Platforms.Build.0 = Release|Win32
		{4DA41212-2B4D-4DEF-A3FF-54DC5AFF3328}.Debug|Win32.ActiveCfg = Debug|Win32
		{4DA41212-2B4D-4DEF-A3FF-54DC5AFF3328}.Debug|Win32.Build.0 = Debug|Win32
		{4DA41212-2B4D-4DEF-A3FF-54DC5AFF3328}.Release|Any CPU.ActiveCfg = Release|Win32
		{4DA41212-2B4D-4DEF-A3FF-54DC5AFF3328}.Release|Mixed Platforms.ActiveCfg = Release|Win32
		{4DA41212-2B4D-4DEF-A3FF-54DC5AFF3328}.Release|Mixed Platforms.Build.0 = Release|Win32
		{4DA41212-2B4D-4DEF-A3FF-54DC5AFF3328}.Release|Win32.ActiveCfg = Release|Win32
		{4DA41212-2B4D-4DEF-A3FF-54DC5AFF3328}.Release|Win32.Build.0 = Release|Win32
		{6FE5AC6D-E08F-4418-86D3-3EC7899E2A38}.Debug|Any CPU.ActiveCfg = Debug|Any CPU
		{6FE5AC6D-E08F-4418-86D3-3EC7899E2A38}.Debug|Any CPU.Build.0 = Debug|Any CPU
		{6FE5AC6D-E08F-4418-86D3-3EC7899E2A38}.Debug|Mixed Platforms.ActiveCfg = Debug|Any CPU
		{6FE5AC6D-E08F-4418-86D3-3EC7899E2A38}.Debug|Mixed Platforms.Build.0 = Debug|Any CPU
		{6FE5AC6D-E08F-4418-86D3-3EC7899E2A38}.Debug|Win32.ActiveCfg = Debug|Any CPU
		{6FE5AC6D-E08F-4418-86D3-3EC7899E2A38}.Release|Any CPU.ActiveCfg = Release|Any CPU
		{6FE5AC6D-E08F-4418-86D3-3EC7899E2A38}.Release|Any CPU.Build.0 = Release|Any CPU
		{6FE5AC6D-E08F-4418-86D3-3EC7899E2A38}.Release|Mixed Platforms.ActiveCfg = Release|Any CPU
		{6FE5AC6D-E08F-4418-86D3-3EC7899E2A38}.Release|Mixed Platforms.Build.0 = Release|Any CPU
		{6FE5AC6D-E08F-4418-86D3-3EC7899E2A38}.Release|Win32.ActiveCfg = Release|Any CPU
		{2F92AC8F-BEED-4052-98DE-38F0B9A2CD84}.Debug|Any CPU.ActiveCfg = Debug|Any CPU
		{2F92AC8F-BEED-4052-98DE-38F0B9A2CD84}.Debug|Any CPU.Build.0 = Debug|Any CPU
		{2F92AC8F-BEED-4052-98DE-38F0B9A2CD84}.Debug|Mixed Platforms.ActiveCfg = Debug|Any CPU
		{2F92AC8F-BEED-4052-98DE-38F0B9A2CD84}.Debug|Mixed Platforms.Build.0 = Debug|Any CPU
		{2F92AC8F-BEED-4052-98DE-38F0B9A2CD84}.Debug|Win32.ActiveCfg = Debug|Any CPU
		{2F92AC8F-BEED-4052-98DE-38F0B9A2CD84}.Release|Any CPU.ActiveCfg = Release|Any CPU
		{2F92AC8F-BEED-4052-98DE-38F0B9A2CD84}.Release|Any CPU.Build.0 = Release|Any CPU
		{2F92AC8F-BEED-4052-98DE-38F0B9A2CD84}.Release|Mixed Platforms.ActiveCfg = Release|Any CPU
		{2F92AC8F-BEED-4052-98DE-38F0B9A2CD84}.Release|Mixed Platforms.Build.0 = Release|Any CPU
		{2F92AC8F-BEED-4052-98DE-38F0B9A2CD84}.Release|Win32.ActiveCfg = Release|Any CPU
		{81FD1B88-8D60-4EE5-B50A-FFED1788DCAE}.Debug|Any CPU.ActiveCfg = Debug|Any CPU
		{81FD1B88-8D60-4EE5-B50A-FFED1788DCAE}.Debug|Any CPU.Build.0 = Debug|Any CPU
		{81FD1B88-8D60-4EE5-B50A-FFED1788DCAE}.Debug|Mixed Platforms.ActiveCfg = Debug|Any CPU
		{81FD1B88-8D60-4EE5-B50A-FFED1788DCAE}.Debug|Mixed Platforms.Build.0 = Debug|Any CPU
		{81FD1B88-8D60-4EE5-B50A-FFED1788DCAE}.Debug|Win32.ActiveCfg = Debug|Any CPU
		{81FD1B88-8D60-4EE5-B50A-FFED1788DCAE}.Release|Any CPU.ActiveCfg = Release|Any CPU
		{81FD1B88-8D60-4EE5-B50A-FFED1788DCAE}.Release|Any CPU.Build.0 = Release|Any CPU
		{81FD1B88-8D60-4EE5-B50A-FFED1788DCAE}.Release|Mixed Platforms.ActiveCfg = Release|Any CPU
		{81FD1B88-8D60-4EE5-B50A-FFED1788DCAE}.Release|Mixed Platforms.Build.0 = Release|Any CPU
		{81FD1B88-8D60-4EE5-B50A-FFED1788DCAE}.Release|Win32.ActiveCfg = Release|Any CPU
		{9ACC7432-AC57-4B8F-B084-07AFEE5F72B9}.Debug|Any CPU.ActiveCfg = Debug|Any CPU
		{9ACC7432-AC57-4B8F-B084-07AFEE5F72B9}.Debug|Any CPU.Build.0 = Debug|Any CPU
		{9ACC7432-AC57-4B8F-B084-07AFEE5F72B9}.Debug|Mixed Platforms.ActiveCfg = Debug|Any CPU
		{9ACC7432-AC57-4B8F-B084-07AFEE5F72B9}.Debug|Mixed Platforms.Build.0 = Debug|Any CPU
		{9ACC7432-AC57-4B8F-B084-07AFEE5F72B9}.Debug|Win32.ActiveCfg = Debug|Any CPU
		{9ACC7432-AC57-4B8F-B084-07AFEE5F72B9}.Release|Any CPU.ActiveCfg = Release|Any CPU
		{9ACC7432-AC57-4B8F-B084-07AFEE5F72B9}.Release|Any CPU.Build.0 = Release|Any CPU
		{9ACC7432-AC57-4B8F-B084-07AFEE5F72B9}.Release|Mixed Platforms.ActiveCfg = Release|Any CPU
		{9ACC7432-AC57-4B8F-B084-07AFEE5F72B9}.Release|Mixed Platforms.Build.0 = Release|Any CPU
		{9ACC7432-AC57-4B8F-B084-07AFEE5F72B9}.Release|Win32.ActiveCfg = Release|Any CPU
	EndGlobalSection
	GlobalSection(SolutionProperties) = preSolution
		HideSolutionNode = FALSE
	EndGlobalSection
	GlobalSection(NestedProjects) = preSolution
		{4DA41212-2B4D-4DEF-A3FF-54DC5AFF3328} = {62DD8B8B-B5C3-4EE2-AE14-3FEBA95C336E}
		{6FE5AC6D-E08F-4418-86D3-3EC7899E2A38} = {62DD8B8B-B5C3-4EE2-AE14-3FEBA95C336E}
		{2F92AC8F-BEED-4052-98DE-38F0B9A2CD84} = {C8E555EA-BD97-4123-93A2-AADC2418FA71}
		{81FD1B88-8D60-4EE5-B50A-FFED1788DCAE} = {C8E555EA-BD97-4123-93A2-AADC2418FA71}
		{CA87E41B-4E3E-4C7E-B9DB-2896BDCBEB5D} = {4AD0720A-A42C-4446-BC51-FE61611BAC55}
		{17919E3C-D862-435F-8667-F7261D686C94} = {4AD0720A-A42C-4446-BC51-FE61611BAC55}
		{9ACC7432-AC57-4B8F-B084-07AFEE5F72B9} = {4AD0720A-A42C-4446-BC51-FE61611BAC55}
		{A719351B-38E9-4220-B36F-93A0C4497C43} = {5A805ED2-20C5-4E79-B679-AD5E64DAA775}
		{3FE751B4-F29E-44BC-B051-7D66DCA3C8E3} = {5A805ED2-20C5-4E79-B679-AD5E64DAA775}
	EndGlobalSection
EndGlobal
