
Microsoft Visual Studio Solution File, Format Version 10.00
# Visual Studio 2008
Project("{2150E333-8FDC-42A3-9474-1A3956D46DE8}") = "ADO", "ADO", "{2934E849-EFE9-4DB5-9664-661E3465D11F}"
EndProject
Project("{2150E333-8FDC-42A3-9474-1A3956D46DE8}") = "ADO.NET", "ADO.NET", "{0879D513-B6A7-4F51-B593-1140472E5145}"
EndProject
Project("{2150E333-8FDC-42A3-9474-1A3956D46DE8}") = "LINQ", "LINQ", "{75268884-C26F-43D1-9B8D-D76A76A43EDD}"
EndProject
Project("{8BC9CEB8-8B4A-11D0-8D11-00A0C91BC942}") = "CppUseADO", "CppUseADO\CppUseADO.vcproj", "{00B4D289-F5CF-49FB-9F3A-B68691E717E9}"
	ProjectSection(ProjectDependencies) = postProject
		{1DC343D1-92B9-4FB3-8E97-38CE97F84BEA} = {1DC343D1-92B9-4FB3-8E97-38CE97F84BEA}
	EndProjectSection
EndProject
Project("{8BC9CEB8-8B4A-11D0-8D11-00A0C91BC942}") = "CppUseADONET", "CppUseADONET\CppUseADONET.vcproj", "{FF44364D-4CD9-41A5-B448-4BC936FF1E2F}"
	ProjectSection(ProjectDependencies) = postProject
		{1DC343D1-92B9-4FB3-8E97-38CE97F84BEA} = {1DC343D1-92B9-4FB3-8E97-38CE97F84BEA}
	EndProjectSection
EndProject
Project("{FAE04EC0-301F-11D3-BF4B-00C04F79EFBC}") = "CSUseADO", "CSUseADO\CSUseADO.csproj", "{F5C3FD25-174E-4258-B834-54AD3CD86BE3}"
	ProjectSection(ProjectDependencies) = postProject
		{1DC343D1-92B9-4FB3-8E97-38CE97F84BEA} = {1DC343D1-92B9-4FB3-8E97-38CE97F84BEA}
	EndProjectSection
EndProject
Project("{FAE04EC0-301F-11D3-BF4B-00C04F79EFBC}") = "CSUseADONET", "CSUseADONET\CSUseADONET.csproj", "{8E8C3298-951A-410B-BDDB-7A1591772D07}"
	ProjectSection(ProjectDependencies) = postProject
		{1DC343D1-92B9-4FB3-8E97-38CE97F84BEA} = {1DC343D1-92B9-4FB3-8E97-38CE97F84BEA}
	EndProjectSection
EndProject
Project("{FAE04EC0-301F-11D3-BF4B-00C04F79EFBC}") = "CSLinqToObject", "CSLinqToObject\CSLinqToObject.csproj", "{C86CDA16-3FD4-4CB6-97E9-322B2031E728}"
EndProject
Project("{FAE04EC0-301F-11D3-BF4B-00C04F79EFBC}") = "CSLinqToSQL", "CSLinqToSQL\CSLinqToSQL.csproj", "{9952344C-87DE-44EE-9E90-292E0EBE7EC1}"
	ProjectSection(ProjectDependencies) = postProject
		{1DC343D1-92B9-4FB3-8E97-38CE97F84BEA} = {1DC343D1-92B9-4FB3-8E97-38CE97F84BEA}
	EndProjectSection
EndProject
Project("{A9ACE9BB-CECE-4E62-9AA4-C7E7C5BD2124}") = "SQLServer2005DB", "SQLServer2005DB\SQLServer2005DB.dbproj", "{1DC343D1-92B9-4FB3-8E97-38CE97F84BEA}"
EndProject
Project("{FAE04EC0-301F-11D3-BF4B-00C04F79EFBC}") = "CSLinqToDataSets", "CSLinqToDataSets\CSLinqToDataSets.csproj", "{91DBE423-40ED-4847-8E42-E7A67AF452E2}"
	ProjectSection(ProjectDependencies) = postProject
		{1DC343D1-92B9-4FB3-8E97-38CE97F84BEA} = {1DC343D1-92B9-4FB3-8E97-38CE97F84BEA}
	EndProjectSection
EndProject
Project("{FAE04EC0-301F-11D3-BF4B-00C04F79EFBC}") = "CSLinqToEntities", "CSLinqToEntities\CSLinqToEntities.csproj", "{4D05AD74-AFBF-4E8D-964D-A69F2F4B0C07}"
EndProject
Project("{F184B08F-C81C-45F6-A57F-5ABD9991F28F}") = "VBLinqToDataSets", "VBLinqToDataSets\VBLinqToDataSets.vbproj", "{413EA111-D40B-46F8-9793-34DCA625CACB}"
	ProjectSection(ProjectDependencies) = postProject
		{1DC343D1-92B9-4FB3-8E97-38CE97F84BEA} = {1DC343D1-92B9-4FB3-8E97-38CE97F84BEA}
	EndProjectSection
EndProject
Project("{F184B08F-C81C-45F6-A57F-5ABD9991F28F}") = "VBLinqToObject", "VBLinqToObject\VBLinqToObject.vbproj", "{1F187E80-A962-4EC9-9886-C59EC100E625}"
EndProject
Project("{F184B08F-C81C-45F6-A57F-5ABD9991F28F}") = "VBLinqToSQL", "VBLinqToSQL\VBLinqToSQL.vbproj", "{857FA606-D558-4A8C-B67C-F9E543F5A862}"
EndProject
Project("{F184B08F-C81C-45F6-A57F-5ABD9991F28F}") = "VBLinqToEntities", "VBLinqToEntities\VBLinqToEntities.vbproj", "{32A0C9CD-22A4-4063-9150-62E35867A9C0}"
EndProject
Project("{FAE04EC0-301F-11D3-BF4B-00C04F79EFBC}") = "CSLinqExtension", "CSLinqExtension\CSLinqExtension.csproj", "{FA24CB9B-AF12-4AD2-8AEF-C7760139886D}"
EndProject
Project("{FAE04EC0-301F-11D3-BF4B-00C04F79EFBC}") = "CSADONETDataService", "CSADONETDataService\CSADONETDataService.csproj", "{8787522D-0465-48D1-8D79-DF49F6CAE8E6}"
	ProjectSection(ProjectDependencies) = postProject
		{1DC343D1-92B9-4FB3-8E97-38CE97F84BEA} = {1DC343D1-92B9-4FB3-8E97-38CE97F84BEA}
	EndProjectSection
EndProject
Project("{FAE04EC0-301F-11D3-BF4B-00C04F79EFBC}") = "CSADONETDataServiceClient", "CSADONETDataServiceClient\CSADONETDataServiceClient.csproj", "{2B5A93EB-333D-4ECB-A54F-8A24D12CC631}"
	ProjectSection(ProjectDependencies) = postProject
		{8787522D-0465-48D1-8D79-DF49F6CAE8E6} = {8787522D-0465-48D1-8D79-DF49F6CAE8E6}
	EndProjectSection
EndProject
Project("{F184B08F-C81C-45F6-A57F-5ABD9991F28F}") = "VBADONETDataService", "VBADONETDataService\VBADONETDataService.vbproj", "{46B136B9-2F1A-4AEE-8DD6-40D168AD7D4A}"
EndProject
Project("{F184B08F-C81C-45F6-A57F-5ABD9991F28F}") = "VBADONETDataServiceClient", "VBADONETDataServiceClient\VBADONETDataServiceClient.vbproj", "{0AE2F230-37DA-4D7C-A66F-7BCAC28D06C9}"
EndProject
Project("{FAE04EC0-301F-11D3-BF4B-00C04F79EFBC}") = "CSADONETDataServiceSL3Client", "CSADONETDataServiceSL3Client\CSADONETDataServiceSL3Client\CSADONETDataServiceSL3Client.csproj", "{1122F66A-C543-4421-8F43-7AAC1AC36AD2}"
EndProject
Project("{FAE04EC0-301F-11D3-BF4B-00C04F79EFBC}") = "CSADONETDataServiceSL3Client.Web", "CSADONETDataServiceSL3Client\CSADONETDataServiceSL3Client.Web\CSADONETDataServiceSL3Client.Web.csproj", "{0F47BEB2-2128-4D50-AA43-9315C9E3C53F}"
	ProjectSection(ProjectDependencies) = postProject
		{8787522D-0465-48D1-8D79-DF49F6CAE8E6} = {8787522D-0465-48D1-8D79-DF49F6CAE8E6}
		{1122F66A-C543-4421-8F43-7AAC1AC36AD2} = {1122F66A-C543-4421-8F43-7AAC1AC36AD2}
	EndProjectSection
EndProject
Project("{F184B08F-C81C-45F6-A57F-5ABD9991F28F}") = "VBADONETDataServiceSL3Client", "VBADONETDataServiceSL3Client\VBADONETDataServiceSL3Client\VBADONETDataServiceSL3Client.vbproj", "{6DCD5EE7-EFF1-4B0B-B0EF-C07F151059AD}"
EndProject
Project("{F184B08F-C81C-45F6-A57F-5ABD9991F28F}") = "VBADONETDataServiceSL3Client.Web", "VBADONETDataServiceSL3Client\VBADONETDataServiceSL3Client.Web\VBADONETDataServiceSL3Client.Web.vbproj", "{AD3EFD25-1B3D-4CE8-B0D6-3D8E8CA52E08}"
	ProjectSection(ProjectDependencies) = postProject
		{46B136B9-2F1A-4AEE-8DD6-40D168AD7D4A} = {46B136B9-2F1A-4AEE-8DD6-40D168AD7D4A}
		{6DCD5EE7-EFF1-4B0B-B0EF-C07F151059AD} = {6DCD5EE7-EFF1-4B0B-B0EF-C07F151059AD}
	EndProjectSection
EndProject
Project("{FAE04EC0-301F-11D3-BF4B-00C04F79EFBC}") = "CSEFEntityDataModel", "CSEFEntityDataModel\CSEFEntityDataModel.csproj", "{F412DBCE-6AB0-4F67-AC76-F7350C1E9E56}"
EndProject
Project("{F184B08F-C81C-45F6-A57F-5ABD9991F28F}") = "VBEFEntityDataModel", "VBEFEntityDataModel\VBEFEntityDataModel.vbproj", "{987D9556-F88A-487E-8AD3-715D3456869A}"
EndProject
Project("{2150E333-8FDC-42A3-9474-1A3956D46DE8}") = "EF", "EF", "{AC26000D-2A6E-4261-8FA4-EE1185F24092}"
EndProject
Project("{F184B08F-C81C-45F6-A57F-5ABD9991F28F}") = "VBUseADONET", "VBUseADONET\VBUseADONET.vbproj", "{18619119-9DC1-4C66-90D4-C01A31843D5E}"
EndProject
Project("{F184B08F-C81C-45F6-A57F-5ABD9991F28F}") = "VBUseADO", "VBUseADO\VBUseADO.vbproj", "{213F6650-B952-4102-8DFC-E18F923EE8D7}"
EndProject
Project("{F184B08F-C81C-45F6-A57F-5ABD9991F28F}") = "VBLinqExtension", "VBLinqExtension\VBLinqExtension.vbproj", "{76F0AFDE-C9D9-439F-BD74-34EE6928A47C}"
EndProject
Global
	GlobalSection(SolutionConfigurationPlatforms) = preSolution
		Debug|Any CPU = Debug|Any CPU
		Debug|Mixed Platforms = Debug|Mixed Platforms
		Debug|Win32 = Debug|Win32
		Default|Any CPU = Default|Any CPU
		Default|Mixed Platforms = Default|Mixed Platforms
		Default|Win32 = Default|Win32
		Release|Any CPU = Release|Any CPU
		Release|Mixed Platforms = Release|Mixed Platforms
		Release|Win32 = Release|Win32
	EndGlobalSection
	GlobalSection(ProjectConfigurationPlatforms) = postSolution
		{00B4D289-F5CF-49FB-9F3A-B68691E717E9}.Debug|Any CPU.ActiveCfg = Debug|Win32
		{00B4D289-F5CF-49FB-9F3A-B68691E717E9}.Debug|Mixed Platforms.ActiveCfg = Debug|Win32
		{00B4D289-F5CF-49FB-9F3A-B68691E717E9}.Debug|Mixed Platforms.Build.0 = Debug|Win32
		{00B4D289-F5CF-49FB-9F3A-B68691E717E9}.Debug|Win32.ActiveCfg = Debug|Win32
		{00B4D289-F5CF-49FB-9F3A-B68691E717E9}.Debug|Win32.Build.0 = Debug|Win32
		{00B4D289-F5CF-49FB-9F3A-B68691E717E9}.Default|Any CPU.ActiveCfg = Debug|Win32
		{00B4D289-F5CF-49FB-9F3A-B68691E717E9}.Default|Mixed Platforms.ActiveCfg = Debug|Win32
		{00B4D289-F5CF-49FB-9F3A-B68691E717E9}.Default|Mixed Platforms.Build.0 = Debug|Win32
		{00B4D289-F5CF-49FB-9F3A-B68691E717E9}.Default|Win32.ActiveCfg = Debug|Win32
		{00B4D289-F5CF-49FB-9F3A-B68691E717E9}.Default|Win32.Build.0 = Debug|Win32
		{00B4D289-F5CF-49FB-9F3A-B68691E717E9}.Release|Any CPU.ActiveCfg = Release|Win32
		{00B4D289-F5CF-49FB-9F3A-B68691E717E9}.Release|Mixed Platforms.ActiveCfg = Release|Win32
		{00B4D289-F5CF-49FB-9F3A-B68691E717E9}.Release|Mixed Platforms.Build.0 = Release|Win32
		{00B4D289-F5CF-49FB-9F3A-B68691E717E9}.Release|Win32.ActiveCfg = Release|Win32
		{00B4D289-F5CF-49FB-9F3A-B68691E717E9}.Release|Win32.Build.0 = Release|Win32
		{FF44364D-4CD9-41A5-B448-4BC936FF1E2F}.Debug|Any CPU.ActiveCfg = Debug|Win32
		{FF44364D-4CD9-41A5-B448-4BC936FF1E2F}.Debug|Mixed Platforms.ActiveCfg = Debug|Win32
		{FF44364D-4CD9-41A5-B448-4BC936FF1E2F}.Debug|Mixed Platforms.Build.0 = Debug|Win32
		{FF44364D-4CD9-41A5-B448-4BC936FF1E2F}.Debug|Win32.ActiveCfg = Debug|Win32
		{FF44364D-4CD9-41A5-B448-4BC936FF1E2F}.Debug|Win32.Build.0 = Debug|Win32
		{FF44364D-4CD9-41A5-B448-4BC936FF1E2F}.Default|Any CPU.ActiveCfg = Debug|Win32
		{FF44364D-4CD9-41A5-B448-4BC936FF1E2F}.Default|Mixed Platforms.ActiveCfg = Debug|Win32
		{FF44364D-4CD9-41A5-B448-4BC936FF1E2F}.Default|Mixed Platforms.Build.0 = Debug|Win32
		{FF44364D-4CD9-41A5-B448-4BC936FF1E2F}.Default|Win32.ActiveCfg = Debug|Win32
		{FF44364D-4CD9-41A5-B448-4BC936FF1E2F}.Default|Win32.Build.0 = Debug|Win32
		{FF44364D-4CD9-41A5-B448-4BC936FF1E2F}.Release|Any CPU.ActiveCfg = Release|Win32
		{FF44364D-4CD9-41A5-B448-4BC936FF1E2F}.Release|Mixed Platforms.ActiveCfg = Release|Win32
		{FF44364D-4CD9-41A5-B448-4BC936FF1E2F}.Release|Mixed Platforms.Build.0 = Release|Win32
		{FF44364D-4CD9-41A5-B448-4BC936FF1E2F}.Release|Win32.ActiveCfg = Release|Win32
		{FF44364D-4CD9-41A5-B448-4BC936FF1E2F}.Release|Win32.Build.0 = Release|Win32
		{F5C3FD25-174E-4258-B834-54AD3CD86BE3}.Debug|Any CPU.ActiveCfg = Debug|Any CPU
		{F5C3FD25-174E-4258-B834-54AD3CD86BE3}.Debug|Any CPU.Build.0 = Debug|Any CPU
		{F5C3FD25-174E-4258-B834-54AD3CD86BE3}.Debug|Mixed Platforms.ActiveCfg = Debug|Any CPU
		{F5C3FD25-174E-4258-B834-54AD3CD86BE3}.Debug|Mixed Platforms.Build.0 = Debug|Any CPU
		{F5C3FD25-174E-4258-B834-54AD3CD86BE3}.Debug|Win32.ActiveCfg = Debug|Any CPU
		{F5C3FD25-174E-4258-B834-54AD3CD86BE3}.Default|Any CPU.ActiveCfg = Debug|Any CPU
		{F5C3FD25-174E-4258-B834-54AD3CD86BE3}.Default|Any CPU.Build.0 = Debug|Any CPU
		{F5C3FD25-174E-4258-B834-54AD3CD86BE3}.Default|Mixed Platforms.ActiveCfg = Debug|Any CPU
		{F5C3FD25-174E-4258-B834-54AD3CD86BE3}.Default|Mixed Platforms.Build.0 = Debug|Any CPU
		{F5C3FD25-174E-4258-B834-54AD3CD86BE3}.Default|Win32.ActiveCfg = Debug|Any CPU
		{F5C3FD25-174E-4258-B834-54AD3CD86BE3}.Release|Any CPU.ActiveCfg = Release|Any CPU
		{F5C3FD25-174E-4258-B834-54AD3CD86BE3}.Release|Any CPU.Build.0 = Release|Any CPU
		{F5C3FD25-174E-4258-B834-54AD3CD86BE3}.Release|Mixed Platforms.ActiveCfg = Release|Any CPU
		{F5C3FD25-174E-4258-B834-54AD3CD86BE3}.Release|Mixed Platforms.Build.0 = Release|Any CPU
		{F5C3FD25-174E-4258-B834-54AD3CD86BE3}.Release|Win32.ActiveCfg = Release|Any CPU
		{8E8C3298-951A-410B-BDDB-7A1591772D07}.Debug|Any CPU.ActiveCfg = Debug|Any CPU
		{8E8C3298-951A-410B-BDDB-7A1591772D07}.Debug|Any CPU.Build.0 = Debug|Any CPU
		{8E8C3298-951A-410B-BDDB-7A1591772D07}.Debug|Mixed Platforms.ActiveCfg = Debug|Any CPU
		{8E8C3298-951A-410B-BDDB-7A1591772D07}.Debug|Mixed Platforms.Build.0 = Debug|Any CPU
		{8E8C3298-951A-410B-BDDB-7A1591772D07}.Debug|Win32.ActiveCfg = Debug|Any CPU
		{8E8C3298-951A-410B-BDDB-7A1591772D07}.Default|Any CPU.ActiveCfg = Debug|Any CPU
		{8E8C3298-951A-410B-BDDB-7A1591772D07}.Default|Any CPU.Build.0 = Debug|Any CPU
		{8E8C3298-951A-410B-BDDB-7A1591772D07}.Default|Mixed Platforms.ActiveCfg = Debug|Any CPU
		{8E8C3298-951A-410B-BDDB-7A1591772D07}.Default|Mixed Platforms.Build.0 = Debug|Any CPU
		{8E8C3298-951A-410B-BDDB-7A1591772D07}.Default|Win32.ActiveCfg = Debug|Any CPU
		{8E8C3298-951A-410B-BDDB-7A1591772D07}.Release|Any CPU.ActiveCfg = Release|Any CPU
		{8E8C3298-951A-410B-BDDB-7A1591772D07}.Release|Any CPU.Build.0 = Release|Any CPU
		{8E8C3298-951A-410B-BDDB-7A1591772D07}.Release|Mixed Platforms.ActiveCfg = Release|Any CPU
		{8E8C3298-951A-410B-BDDB-7A1591772D07}.Release|Mixed Platforms.Build.0 = Release|Any CPU
		{8E8C3298-951A-410B-BDDB-7A1591772D07}.Release|Win32.ActiveCfg = Release|Any CPU
		{C86CDA16-3FD4-4CB6-97E9-322B2031E728}.Debug|Any CPU.ActiveCfg = Debug|Any CPU
		{C86CDA16-3FD4-4CB6-97E9-322B2031E728}.Debug|Any CPU.Build.0 = Debug|Any CPU
		{C86CDA16-3FD4-4CB6-97E9-322B2031E728}.Debug|Mixed Platforms.ActiveCfg = Debug|Any CPU
		{C86CDA16-3FD4-4CB6-97E9-322B2031E728}.Debug|Mixed Platforms.Build.0 = Debug|Any CPU
		{C86CDA16-3FD4-4CB6-97E9-322B2031E728}.Debug|Win32.ActiveCfg = Debug|Any CPU
		{C86CDA16-3FD4-4CB6-97E9-322B2031E728}.Default|Any CPU.ActiveCfg = Debug|Any CPU
		{C86CDA16-3FD4-4CB6-97E9-322B2031E728}.Default|Any CPU.Build.0 = Debug|Any CPU
		{C86CDA16-3FD4-4CB6-97E9-322B2031E728}.Default|Mixed Platforms.ActiveCfg = Debug|Any CPU
		{C86CDA16-3FD4-4CB6-97E9-322B2031E728}.Default|Mixed Platforms.Build.0 = Debug|Any CPU
		{C86CDA16-3FD4-4CB6-97E9-322B2031E728}.Default|Win32.ActiveCfg = Debug|Any CPU
		{C86CDA16-3FD4-4CB6-97E9-322B2031E728}.Release|Any CPU.ActiveCfg = Release|Any CPU
		{C86CDA16-3FD4-4CB6-97E9-322B2031E728}.Release|Any CPU.Build.0 = Release|Any CPU
		{C86CDA16-3FD4-4CB6-97E9-322B2031E728}.Release|Mixed Platforms.ActiveCfg = Release|Any CPU
		{C86CDA16-3FD4-4CB6-97E9-322B2031E728}.Release|Mixed Platforms.Build.0 = Release|Any CPU
		{C86CDA16-3FD4-4CB6-97E9-322B2031E728}.Release|Win32.ActiveCfg = Release|Any CPU
		{9952344C-87DE-44EE-9E90-292E0EBE7EC1}.Debug|Any CPU.ActiveCfg = Debug|Any CPU
		{9952344C-87DE-44EE-9E90-292E0EBE7EC1}.Debug|Any CPU.Build.0 = Debug|Any CPU
		{9952344C-87DE-44EE-9E90-292E0EBE7EC1}.Debug|Mixed Platforms.ActiveCfg = Debug|Any CPU
		{9952344C-87DE-44EE-9E90-292E0EBE7EC1}.Debug|Mixed Platforms.Build.0 = Debug|Any CPU
		{9952344C-87DE-44EE-9E90-292E0EBE7EC1}.Debug|Win32.ActiveCfg = Debug|Any CPU
		{9952344C-87DE-44EE-9E90-292E0EBE7EC1}.Default|Any CPU.ActiveCfg = Debug|Any CPU
		{9952344C-87DE-44EE-9E90-292E0EBE7EC1}.Default|Any CPU.Build.0 = Debug|Any CPU
		{9952344C-87DE-44EE-9E90-292E0EBE7EC1}.Default|Mixed Platforms.ActiveCfg = Debug|Any CPU
		{9952344C-87DE-44EE-9E90-292E0EBE7EC1}.Default|Mixed Platforms.Build.0 = Debug|Any CPU
		{9952344C-87DE-44EE-9E90-292E0EBE7EC1}.Default|Win32.ActiveCfg = Debug|Any CPU
		{9952344C-87DE-44EE-9E90-292E0EBE7EC1}.Release|Any CPU.ActiveCfg = Release|Any CPU
		{9952344C-87DE-44EE-9E90-292E0EBE7EC1}.Release|Any CPU.Build.0 = Release|Any CPU
		{9952344C-87DE-44EE-9E90-292E0EBE7EC1}.Release|Mixed Platforms.ActiveCfg = Release|Any CPU
		{9952344C-87DE-44EE-9E90-292E0EBE7EC1}.Release|Mixed Platforms.Build.0 = Release|Any CPU
		{9952344C-87DE-44EE-9E90-292E0EBE7EC1}.Release|Win32.ActiveCfg = Release|Any CPU
		{1DC343D1-92B9-4FB3-8E97-38CE97F84BEA}.Debug|Any CPU.ActiveCfg = Default|Any CPU
		{1DC343D1-92B9-4FB3-8E97-38CE97F84BEA}.Debug|Any CPU.Build.0 = Default|Any CPU
		{1DC343D1-92B9-4FB3-8E97-38CE97F84BEA}.Debug|Any CPU.Deploy.0 = Default|Any CPU
		{1DC343D1-92B9-4FB3-8E97-38CE97F84BEA}.Debug|Mixed Platforms.ActiveCfg = Default|Any CPU
		{1DC343D1-92B9-4FB3-8E97-38CE97F84BEA}.Debug|Mixed Platforms.Build.0 = Default|Any CPU
		{1DC343D1-92B9-4FB3-8E97-38CE97F84BEA}.Debug|Mixed Platforms.Deploy.0 = Default|Any CPU
		{1DC343D1-92B9-4FB3-8E97-38CE97F84BEA}.Debug|Win32.ActiveCfg = Default|Any CPU
		{1DC343D1-92B9-4FB3-8E97-38CE97F84BEA}.Default|Any CPU.ActiveCfg = Default|Any CPU
		{1DC343D1-92B9-4FB3-8E97-38CE97F84BEA}.Default|Any CPU.Build.0 = Default|Any CPU
		{1DC343D1-92B9-4FB3-8E97-38CE97F84BEA}.Default|Any CPU.Deploy.0 = Default|Any CPU
		{1DC343D1-92B9-4FB3-8E97-38CE97F84BEA}.Default|Mixed Platforms.ActiveCfg = Default|Any CPU
		{1DC343D1-92B9-4FB3-8E97-38CE97F84BEA}.Default|Mixed Platforms.Build.0 = Default|Any CPU
		{1DC343D1-92B9-4FB3-8E97-38CE97F84BEA}.Default|Mixed Platforms.Deploy.0 = Default|Any CPU
		{1DC343D1-92B9-4FB3-8E97-38CE97F84BEA}.Default|Win32.ActiveCfg = Default|Any CPU
		{1DC343D1-92B9-4FB3-8E97-38CE97F84BEA}.Release|Any CPU.ActiveCfg = Default|Any CPU
		{1DC343D1-92B9-4FB3-8E97-38CE97F84BEA}.Release|Any CPU.Build.0 = Default|Any CPU
		{1DC343D1-92B9-4FB3-8E97-38CE97F84BEA}.Release|Any CPU.Deploy.0 = Default|Any CPU
		{1DC343D1-92B9-4FB3-8E97-38CE97F84BEA}.Release|Mixed Platforms.ActiveCfg = Default|Any CPU
		{1DC343D1-92B9-4FB3-8E97-38CE97F84BEA}.Release|Mixed Platforms.Build.0 = Default|Any CPU
		{1DC343D1-92B9-4FB3-8E97-38CE97F84BEA}.Release|Mixed Platforms.Deploy.0 = Default|Any CPU
		{1DC343D1-92B9-4FB3-8E97-38CE97F84BEA}.Release|Win32.ActiveCfg = Default|Any CPU
		{91DBE423-40ED-4847-8E42-E7A67AF452E2}.Debug|Any CPU.ActiveCfg = Debug|Any CPU
		{91DBE423-40ED-4847-8E42-E7A67AF452E2}.Debug|Any CPU.Build.0 = Debug|Any CPU
		{91DBE423-40ED-4847-8E42-E7A67AF452E2}.Debug|Mixed Platforms.ActiveCfg = Debug|Any CPU
		{91DBE423-40ED-4847-8E42-E7A67AF452E2}.Debug|Mixed Platforms.Build.0 = Debug|Any CPU
		{91DBE423-40ED-4847-8E42-E7A67AF452E2}.Debug|Win32.ActiveCfg = Debug|Any CPU
		{91DBE423-40ED-4847-8E42-E7A67AF452E2}.Default|Any CPU.ActiveCfg = Debug|Any CPU
		{91DBE423-40ED-4847-8E42-E7A67AF452E2}.Default|Any CPU.Build.0 = Debug|Any CPU
		{91DBE423-40ED-4847-8E42-E7A67AF452E2}.Default|Mixed Platforms.ActiveCfg = Debug|Any CPU
		{91DBE423-40ED-4847-8E42-E7A67AF452E2}.Default|Mixed Platforms.Build.0 = Debug|Any CPU
		{91DBE423-40ED-4847-8E42-E7A67AF452E2}.Default|Win32.ActiveCfg = Debug|Any CPU
		{91DBE423-40ED-4847-8E42-E7A67AF452E2}.Release|Any CPU.ActiveCfg = Release|Any CPU
		{91DBE423-40ED-4847-8E42-E7A67AF452E2}.Release|Any CPU.Build.0 = Release|Any CPU
		{91DBE423-40ED-4847-8E42-E7A67AF452E2}.Release|Mixed Platforms.ActiveCfg = Release|Any CPU
		{91DBE423-40ED-4847-8E42-E7A67AF452E2}.Release|Mixed Platforms.Build.0 = Release|Any CPU
		{91DBE423-40ED-4847-8E42-E7A67AF452E2}.Release|Win32.ActiveCfg = Release|Any CPU
		{4D05AD74-AFBF-4E8D-964D-A69F2F4B0C07}.Debug|Any CPU.ActiveCfg = Debug|Any CPU
		{4D05AD74-AFBF-4E8D-964D-A69F2F4B0C07}.Debug|Any CPU.Build.0 = Debug|Any CPU
		{4D05AD74-AFBF-4E8D-964D-A69F2F4B0C07}.Debug|Mixed Platforms.ActiveCfg = Debug|Any CPU
		{4D05AD74-AFBF-4E8D-964D-A69F2F4B0C07}.Debug|Mixed Platforms.Build.0 = Debug|Any CPU
		{4D05AD74-AFBF-4E8D-964D-A69F2F4B0C07}.Debug|Win32.ActiveCfg = Debug|Any CPU
		{4D05AD74-AFBF-4E8D-964D-A69F2F4B0C07}.Default|Any CPU.ActiveCfg = Debug|Any CPU
		{4D05AD74-AFBF-4E8D-964D-A69F2F4B0C07}.Default|Any CPU.Build.0 = Debug|Any CPU
		{4D05AD74-AFBF-4E8D-964D-A69F2F4B0C07}.Default|Mixed Platforms.ActiveCfg = Debug|Any CPU
		{4D05AD74-AFBF-4E8D-964D-A69F2F4B0C07}.Default|Mixed Platforms.Build.0 = Debug|Any CPU
		{4D05AD74-AFBF-4E8D-964D-A69F2F4B0C07}.Default|Win32.ActiveCfg = Debug|Any CPU
		{4D05AD74-AFBF-4E8D-964D-A69F2F4B0C07}.Release|Any CPU.ActiveCfg = Release|Any CPU
		{4D05AD74-AFBF-4E8D-964D-A69F2F4B0C07}.Release|Any CPU.Build.0 = Release|Any CPU
		{4D05AD74-AFBF-4E8D-964D-A69F2F4B0C07}.Release|Mixed Platforms.ActiveCfg = Release|Any CPU
		{4D05AD74-AFBF-4E8D-964D-A69F2F4B0C07}.Release|Mixed Platforms.Build.0 = Release|Any CPU
		{4D05AD74-AFBF-4E8D-964D-A69F2F4B0C07}.Release|Win32.ActiveCfg = Release|Any CPU
		{413EA111-D40B-46F8-9793-34DCA625CACB}.Debug|Any CPU.ActiveCfg = Debug|Any CPU
		{413EA111-D40B-46F8-9793-34DCA625CACB}.Debug|Any CPU.Build.0 = Debug|Any CPU
		{413EA111-D40B-46F8-9793-34DCA625CACB}.Debug|Mixed Platforms.ActiveCfg = Debug|Any CPU
		{413EA111-D40B-46F8-9793-34DCA625CACB}.Debug|Mixed Platforms.Build.0 = Debug|Any CPU
		{413EA111-D40B-46F8-9793-34DCA625CACB}.Debug|Win32.ActiveCfg = Debug|Any CPU
		{413EA111-D40B-46F8-9793-34DCA625CACB}.Default|Any CPU.ActiveCfg = Debug|Any CPU
		{413EA111-D40B-46F8-9793-34DCA625CACB}.Default|Any CPU.Build.0 = Debug|Any CPU
		{413EA111-D40B-46F8-9793-34DCA625CACB}.Default|Mixed Platforms.ActiveCfg = Debug|Any CPU
		{413EA111-D40B-46F8-9793-34DCA625CACB}.Default|Mixed Platforms.Build.0 = Debug|Any CPU
		{413EA111-D40B-46F8-9793-34DCA625CACB}.Default|Win32.ActiveCfg = Debug|Any CPU
		{413EA111-D40B-46F8-9793-34DCA625CACB}.Release|Any CPU.ActiveCfg = Release|Any CPU
		{413EA111-D40B-46F8-9793-34DCA625CACB}.Release|Any CPU.Build.0 = Release|Any CPU
		{413EA111-D40B-46F8-9793-34DCA625CACB}.Release|Mixed Platforms.ActiveCfg = Release|Any CPU
		{413EA111-D40B-46F8-9793-34DCA625CACB}.Release|Mixed Platforms.Build.0 = Release|Any CPU
		{413EA111-D40B-46F8-9793-34DCA625CACB}.Release|Win32.ActiveCfg = Release|Any CPU
		{1F187E80-A962-4EC9-9886-C59EC100E625}.Debug|Any CPU.ActiveCfg = Debug|Any CPU
		{1F187E80-A962-4EC9-9886-C59EC100E625}.Debug|Any CPU.Build.0 = Debug|Any CPU
		{1F187E80-A962-4EC9-9886-C59EC100E625}.Debug|Mixed Platforms.ActiveCfg = Debug|Any CPU
		{1F187E80-A962-4EC9-9886-C59EC100E625}.Debug|Mixed Platforms.Build.0 = Debug|Any CPU
		{1F187E80-A962-4EC9-9886-C59EC100E625}.Debug|Win32.ActiveCfg = Debug|Any CPU
		{1F187E80-A962-4EC9-9886-C59EC100E625}.Default|Any CPU.ActiveCfg = Debug|Any CPU
		{1F187E80-A962-4EC9-9886-C59EC100E625}.Default|Any CPU.Build.0 = Debug|Any CPU
		{1F187E80-A962-4EC9-9886-C59EC100E625}.Default|Mixed Platforms.ActiveCfg = Debug|Any CPU
		{1F187E80-A962-4EC9-9886-C59EC100E625}.Default|Mixed Platforms.Build.0 = Debug|Any CPU
		{1F187E80-A962-4EC9-9886-C59EC100E625}.Default|Win32.ActiveCfg = Debug|Any CPU
		{1F187E80-A962-4EC9-9886-C59EC100E625}.Release|Any CPU.ActiveCfg = Release|Any CPU
		{1F187E80-A962-4EC9-9886-C59EC100E625}.Release|Any CPU.Build.0 = Release|Any CPU
		{1F187E80-A962-4EC9-9886-C59EC100E625}.Release|Mixed Platforms.ActiveCfg = Release|Any CPU
		{1F187E80-A962-4EC9-9886-C59EC100E625}.Release|Mixed Platforms.Build.0 = Release|Any CPU
		{1F187E80-A962-4EC9-9886-C59EC100E625}.Release|Win32.ActiveCfg = Release|Any CPU
		{857FA606-D558-4A8C-B67C-F9E543F5A862}.Debug|Any CPU.ActiveCfg = Debug|Any CPU
		{857FA606-D558-4A8C-B67C-F9E543F5A862}.Debug|Any CPU.Build.0 = Debug|Any CPU
		{857FA606-D558-4A8C-B67C-F9E543F5A862}.Debug|Mixed Platforms.ActiveCfg = Debug|Any CPU
		{857FA606-D558-4A8C-B67C-F9E543F5A862}.Debug|Mixed Platforms.Build.0 = Debug|Any CPU
		{857FA606-D558-4A8C-B67C-F9E543F5A862}.Debug|Win32.ActiveCfg = Debug|Any CPU
		{857FA606-D558-4A8C-B67C-F9E543F5A862}.Default|Any CPU.ActiveCfg = Debug|Any CPU
		{857FA606-D558-4A8C-B67C-F9E543F5A862}.Default|Any CPU.Build.0 = Debug|Any CPU
		{857FA606-D558-4A8C-B67C-F9E543F5A862}.Default|Mixed Platforms.ActiveCfg = Debug|Any CPU
		{857FA606-D558-4A8C-B67C-F9E543F5A862}.Default|Mixed Platforms.Build.0 = Debug|Any CPU
		{857FA606-D558-4A8C-B67C-F9E543F5A862}.Default|Win32.ActiveCfg = Debug|Any CPU
		{857FA606-D558-4A8C-B67C-F9E543F5A862}.Release|Any CPU.ActiveCfg = Release|Any CPU
		{857FA606-D558-4A8C-B67C-F9E543F5A862}.Release|Any CPU.Build.0 = Release|Any CPU
		{857FA606-D558-4A8C-B67C-F9E543F5A862}.Release|Mixed Platforms.ActiveCfg = Release|Any CPU
		{857FA606-D558-4A8C-B67C-F9E543F5A862}.Release|Mixed Platforms.Build.0 = Release|Any CPU
		{857FA606-D558-4A8C-B67C-F9E543F5A862}.Release|Win32.ActiveCfg = Release|Any CPU
		{32A0C9CD-22A4-4063-9150-62E35867A9C0}.Debug|Any CPU.ActiveCfg = Debug|Any CPU
		{32A0C9CD-22A4-4063-9150-62E35867A9C0}.Debug|Any CPU.Build.0 = Debug|Any CPU
		{32A0C9CD-22A4-4063-9150-62E35867A9C0}.Debug|Mixed Platforms.ActiveCfg = Debug|Any CPU
		{32A0C9CD-22A4-4063-9150-62E35867A9C0}.Debug|Mixed Platforms.Build.0 = Debug|Any CPU
		{32A0C9CD-22A4-4063-9150-62E35867A9C0}.Debug|Win32.ActiveCfg = Debug|Any CPU
		{32A0C9CD-22A4-4063-9150-62E35867A9C0}.Default|Any CPU.ActiveCfg = Debug|Any CPU
		{32A0C9CD-22A4-4063-9150-62E35867A9C0}.Default|Any CPU.Build.0 = Debug|Any CPU
		{32A0C9CD-22A4-4063-9150-62E35867A9C0}.Default|Mixed Platforms.ActiveCfg = Debug|Any CPU
		{32A0C9CD-22A4-4063-9150-62E35867A9C0}.Default|Mixed Platforms.Build.0 = Debug|Any CPU
		{32A0C9CD-22A4-4063-9150-62E35867A9C0}.Default|Win32.ActiveCfg = Debug|Any CPU
		{32A0C9CD-22A4-4063-9150-62E35867A9C0}.Release|Any CPU.ActiveCfg = Release|Any CPU
		{32A0C9CD-22A4-4063-9150-62E35867A9C0}.Release|Any CPU.Build.0 = Release|Any CPU
		{32A0C9CD-22A4-4063-9150-62E35867A9C0}.Release|Mixed Platforms.ActiveCfg = Release|Any CPU
		{32A0C9CD-22A4-4063-9150-62E35867A9C0}.Release|Mixed Platforms.Build.0 = Release|Any CPU
		{32A0C9CD-22A4-4063-9150-62E35867A9C0}.Release|Win32.ActiveCfg = Release|Any CPU
		{FA24CB9B-AF12-4AD2-8AEF-C7760139886D}.Debug|Any CPU.ActiveCfg = Debug|Any CPU
		{FA24CB9B-AF12-4AD2-8AEF-C7760139886D}.Debug|Any CPU.Build.0 = Debug|Any CPU
		{FA24CB9B-AF12-4AD2-8AEF-C7760139886D}.Debug|Mixed Platforms.ActiveCfg = Debug|Any CPU
		{FA24CB9B-AF12-4AD2-8AEF-C7760139886D}.Debug|Mixed Platforms.Build.0 = Debug|Any CPU
		{FA24CB9B-AF12-4AD2-8AEF-C7760139886D}.Debug|Win32.ActiveCfg = Debug|Any CPU
		{FA24CB9B-AF12-4AD2-8AEF-C7760139886D}.Default|Any CPU.ActiveCfg = Debug|Any CPU
		{FA24CB9B-AF12-4AD2-8AEF-C7760139886D}.Default|Any CPU.Build.0 = Debug|Any CPU
		{FA24CB9B-AF12-4AD2-8AEF-C7760139886D}.Default|Mixed Platforms.ActiveCfg = Debug|Any CPU
		{FA24CB9B-AF12-4AD2-8AEF-C7760139886D}.Default|Mixed Platforms.Build.0 = Debug|Any CPU
		{FA24CB9B-AF12-4AD2-8AEF-C7760139886D}.Default|Win32.ActiveCfg = Debug|Any CPU
		{FA24CB9B-AF12-4AD2-8AEF-C7760139886D}.Release|Any CPU.ActiveCfg = Release|Any CPU
		{FA24CB9B-AF12-4AD2-8AEF-C7760139886D}.Release|Any CPU.Build.0 = Release|Any CPU
		{FA24CB9B-AF12-4AD2-8AEF-C7760139886D}.Release|Mixed Platforms.ActiveCfg = Release|Any CPU
		{FA24CB9B-AF12-4AD2-8AEF-C7760139886D}.Release|Mixed Platforms.Build.0 = Release|Any CPU
		{FA24CB9B-AF12-4AD2-8AEF-C7760139886D}.Release|Win32.ActiveCfg = Release|Any CPU
		{8787522D-0465-48D1-8D79-DF49F6CAE8E6}.Debug|Any CPU.ActiveCfg = Debug|Any CPU
		{8787522D-0465-48D1-8D79-DF49F6CAE8E6}.Debug|Any CPU.Build.0 = Debug|Any CPU
		{8787522D-0465-48D1-8D79-DF49F6CAE8E6}.Debug|Mixed Platforms.ActiveCfg = Debug|Any CPU
		{8787522D-0465-48D1-8D79-DF49F6CAE8E6}.Debug|Mixed Platforms.Build.0 = Debug|Any CPU
		{8787522D-0465-48D1-8D79-DF49F6CAE8E6}.Debug|Win32.ActiveCfg = Debug|Any CPU
		{8787522D-0465-48D1-8D79-DF49F6CAE8E6}.Default|Any CPU.ActiveCfg = Debug|Any CPU
		{8787522D-0465-48D1-8D79-DF49F6CAE8E6}.Default|Any CPU.Build.0 = Debug|Any CPU
		{8787522D-0465-48D1-8D79-DF49F6CAE8E6}.Default|Mixed Platforms.ActiveCfg = Debug|Any CPU
		{8787522D-0465-48D1-8D79-DF49F6CAE8E6}.Default|Mixed Platforms.Build.0 = Debug|Any CPU
		{8787522D-0465-48D1-8D79-DF49F6CAE8E6}.Default|Win32.ActiveCfg = Debug|Any CPU
		{8787522D-0465-48D1-8D79-DF49F6CAE8E6}.Release|Any CPU.ActiveCfg = Release|Any CPU
		{8787522D-0465-48D1-8D79-DF49F6CAE8E6}.Release|Any CPU.Build.0 = Release|Any CPU
		{8787522D-0465-48D1-8D79-DF49F6CAE8E6}.Release|Mixed Platforms.ActiveCfg = Release|Any CPU
		{8787522D-0465-48D1-8D79-DF49F6CAE8E6}.Release|Mixed Platforms.Build.0 = Release|Any CPU
		{8787522D-0465-48D1-8D79-DF49F6CAE8E6}.Release|Win32.ActiveCfg = Release|Any CPU
		{2B5A93EB-333D-4ECB-A54F-8A24D12CC631}.Debug|Any CPU.ActiveCfg = Debug|Any CPU
		{2B5A93EB-333D-4ECB-A54F-8A24D12CC631}.Debug|Any CPU.Build.0 = Debug|Any CPU
		{2B5A93EB-333D-4ECB-A54F-8A24D12CC631}.Debug|Mixed Platforms.ActiveCfg = Debug|Any CPU
		{2B5A93EB-333D-4ECB-A54F-8A24D12CC631}.Debug|Mixed Platforms.Build.0 = Debug|Any CPU
		{2B5A93EB-333D-4ECB-A54F-8A24D12CC631}.Debug|Win32.ActiveCfg = Debug|Any CPU
		{2B5A93EB-333D-4ECB-A54F-8A24D12CC631}.Default|Any CPU.ActiveCfg = Debug|Any CPU
		{2B5A93EB-333D-4ECB-A54F-8A24D12CC631}.Default|Any CPU.Build.0 = Debug|Any CPU
		{2B5A93EB-333D-4ECB-A54F-8A24D12CC631}.Default|Mixed Platforms.ActiveCfg = Debug|Any CPU
		{2B5A93EB-333D-4ECB-A54F-8A24D12CC631}.Default|Mixed Platforms.Build.0 = Debug|Any CPU
		{2B5A93EB-333D-4ECB-A54F-8A24D12CC631}.Default|Win32.ActiveCfg = Debug|Any CPU
		{2B5A93EB-333D-4ECB-A54F-8A24D12CC631}.Release|Any CPU.ActiveCfg = Release|Any CPU
		{2B5A93EB-333D-4ECB-A54F-8A24D12CC631}.Release|Any CPU.Build.0 = Release|Any CPU
		{2B5A93EB-333D-4ECB-A54F-8A24D12CC631}.Release|Mixed Platforms.ActiveCfg = Release|Any CPU
		{2B5A93EB-333D-4ECB-A54F-8A24D12CC631}.Release|Mixed Platforms.Build.0 = Release|Any CPU
		{2B5A93EB-333D-4ECB-A54F-8A24D12CC631}.Release|Win32.ActiveCfg = Release|Any CPU
		{46B136B9-2F1A-4AEE-8DD6-40D168AD7D4A}.Debug|Any CPU.ActiveCfg = Debug|Any CPU
		{46B136B9-2F1A-4AEE-8DD6-40D168AD7D4A}.Debug|Any CPU.Build.0 = Debug|Any CPU
		{46B136B9-2F1A-4AEE-8DD6-40D168AD7D4A}.Debug|Mixed Platforms.ActiveCfg = Debug|Any CPU
		{46B136B9-2F1A-4AEE-8DD6-40D168AD7D4A}.Debug|Mixed Platforms.Build.0 = Debug|Any CPU
		{46B136B9-2F1A-4AEE-8DD6-40D168AD7D4A}.Debug|Win32.ActiveCfg = Debug|Any CPU
		{46B136B9-2F1A-4AEE-8DD6-40D168AD7D4A}.Default|Any CPU.ActiveCfg = Debug|Any CPU
		{46B136B9-2F1A-4AEE-8DD6-40D168AD7D4A}.Default|Any CPU.Build.0 = Debug|Any CPU
		{46B136B9-2F1A-4AEE-8DD6-40D168AD7D4A}.Default|Mixed Platforms.ActiveCfg = Debug|Any CPU
		{46B136B9-2F1A-4AEE-8DD6-40D168AD7D4A}.Default|Mixed Platforms.Build.0 = Debug|Any CPU
		{46B136B9-2F1A-4AEE-8DD6-40D168AD7D4A}.Default|Win32.ActiveCfg = Debug|Any CPU
		{46B136B9-2F1A-4AEE-8DD6-40D168AD7D4A}.Release|Any CPU.ActiveCfg = Release|Any CPU
		{46B136B9-2F1A-4AEE-8DD6-40D168AD7D4A}.Release|Any CPU.Build.0 = Release|Any CPU
		{46B136B9-2F1A-4AEE-8DD6-40D168AD7D4A}.Release|Mixed Platforms.ActiveCfg = Release|Any CPU
		{46B136B9-2F1A-4AEE-8DD6-40D168AD7D4A}.Release|Mixed Platforms.Build.0 = Release|Any CPU
		{46B136B9-2F1A-4AEE-8DD6-40D168AD7D4A}.Release|Win32.ActiveCfg = Release|Any CPU
		{0AE2F230-37DA-4D7C-A66F-7BCAC28D06C9}.Debug|Any CPU.ActiveCfg = Debug|Any CPU
		{0AE2F230-37DA-4D7C-A66F-7BCAC28D06C9}.Debug|Any CPU.Build.0 = Debug|Any CPU
		{0AE2F230-37DA-4D7C-A66F-7BCAC28D06C9}.Debug|Mixed Platforms.ActiveCfg = Debug|Any CPU
		{0AE2F230-37DA-4D7C-A66F-7BCAC28D06C9}.Debug|Mixed Platforms.Build.0 = Debug|Any CPU
		{0AE2F230-37DA-4D7C-A66F-7BCAC28D06C9}.Debug|Win32.ActiveCfg = Debug|Any CPU
		{0AE2F230-37DA-4D7C-A66F-7BCAC28D06C9}.Default|Any CPU.ActiveCfg = Debug|Any CPU
		{0AE2F230-37DA-4D7C-A66F-7BCAC28D06C9}.Default|Any CPU.Build.0 = Debug|Any CPU
		{0AE2F230-37DA-4D7C-A66F-7BCAC28D06C9}.Default|Mixed Platforms.ActiveCfg = Debug|Any CPU
		{0AE2F230-37DA-4D7C-A66F-7BCAC28D06C9}.Default|Mixed Platforms.Build.0 = Debug|Any CPU
		{0AE2F230-37DA-4D7C-A66F-7BCAC28D06C9}.Default|Win32.ActiveCfg = Debug|Any CPU
		{0AE2F230-37DA-4D7C-A66F-7BCAC28D06C9}.Release|Any CPU.ActiveCfg = Release|Any CPU
		{0AE2F230-37DA-4D7C-A66F-7BCAC28D06C9}.Release|Any CPU.Build.0 = Release|Any CPU
		{0AE2F230-37DA-4D7C-A66F-7BCAC28D06C9}.Release|Mixed Platforms.ActiveCfg = Release|Any CPU
		{0AE2F230-37DA-4D7C-A66F-7BCAC28D06C9}.Release|Mixed Platforms.Build.0 = Release|Any CPU
		{0AE2F230-37DA-4D7C-A66F-7BCAC28D06C9}.Release|Win32.ActiveCfg = Release|Any CPU
		{1122F66A-C543-4421-8F43-7AAC1AC36AD2}.Debug|Any CPU.ActiveCfg = Debug|Any CPU
		{1122F66A-C543-4421-8F43-7AAC1AC36AD2}.Debug|Any CPU.Build.0 = Debug|Any CPU
		{1122F66A-C543-4421-8F43-7AAC1AC36AD2}.Debug|Mixed Platforms.ActiveCfg = Debug|Any CPU
		{1122F66A-C543-4421-8F43-7AAC1AC36AD2}.Debug|Mixed Platforms.Build.0 = Debug|Any CPU
		{1122F66A-C543-4421-8F43-7AAC1AC36AD2}.Debug|Win32.ActiveCfg = Debug|Any CPU
		{1122F66A-C543-4421-8F43-7AAC1AC36AD2}.Default|Any CPU.ActiveCfg = Debug|Any CPU
		{1122F66A-C543-4421-8F43-7AAC1AC36AD2}.Default|Any CPU.Build.0 = Debug|Any CPU
		{1122F66A-C543-4421-8F43-7AAC1AC36AD2}.Default|Mixed Platforms.ActiveCfg = Debug|Any CPU
		{1122F66A-C543-4421-8F43-7AAC1AC36AD2}.Default|Mixed Platforms.Build.0 = Debug|Any CPU
		{1122F66A-C543-4421-8F43-7AAC1AC36AD2}.Default|Win32.ActiveCfg = Debug|Any CPU
		{1122F66A-C543-4421-8F43-7AAC1AC36AD2}.Release|Any CPU.ActiveCfg = Release|Any CPU
		{1122F66A-C543-4421-8F43-7AAC1AC36AD2}.Release|Any CPU.Build.0 = Release|Any CPU
		{1122F66A-C543-4421-8F43-7AAC1AC36AD2}.Release|Mixed Platforms.ActiveCfg = Release|Any CPU
		{1122F66A-C543-4421-8F43-7AAC1AC36AD2}.Release|Mixed Platforms.Build.0 = Release|Any CPU
		{1122F66A-C543-4421-8F43-7AAC1AC36AD2}.Release|Win32.ActiveCfg = Release|Any CPU
		{0F47BEB2-2128-4D50-AA43-9315C9E3C53F}.Debug|Any CPU.ActiveCfg = Debug|Any CPU
		{0F47BEB2-2128-4D50-AA43-9315C9E3C53F}.Debug|Any CPU.Build.0 = Debug|Any CPU
		{0F47BEB2-2128-4D50-AA43-9315C9E3C53F}.Debug|Mixed Platforms.ActiveCfg = Debug|Any CPU
		{0F47BEB2-2128-4D50-AA43-9315C9E3C53F}.Debug|Mixed Platforms.Build.0 = Debug|Any CPU
		{0F47BEB2-2128-4D50-AA43-9315C9E3C53F}.Debug|Win32.ActiveCfg = Debug|Any CPU
		{0F47BEB2-2128-4D50-AA43-9315C9E3C53F}.Default|Any CPU.ActiveCfg = Debug|Any CPU
		{0F47BEB2-2128-4D50-AA43-9315C9E3C53F}.Default|Any CPU.Build.0 = Debug|Any CPU
		{0F47BEB2-2128-4D50-AA43-9315C9E3C53F}.Default|Mixed Platforms.ActiveCfg = Debug|Any CPU
		{0F47BEB2-2128-4D50-AA43-9315C9E3C53F}.Default|Mixed Platforms.Build.0 = Debug|Any CPU
		{0F47BEB2-2128-4D50-AA43-9315C9E3C53F}.Default|Win32.ActiveCfg = Debug|Any CPU
		{0F47BEB2-2128-4D50-AA43-9315C9E3C53F}.Release|Any CPU.ActiveCfg = Release|Any CPU
		{0F47BEB2-2128-4D50-AA43-9315C9E3C53F}.Release|Any CPU.Build.0 = Release|Any CPU
		{0F47BEB2-2128-4D50-AA43-9315C9E3C53F}.Release|Mixed Platforms.ActiveCfg = Release|Any CPU
		{0F47BEB2-2128-4D50-AA43-9315C9E3C53F}.Release|Mixed Platforms.Build.0 = Release|Any CPU
		{0F47BEB2-2128-4D50-AA43-9315C9E3C53F}.Release|Win32.ActiveCfg = Release|Any CPU
		{6DCD5EE7-EFF1-4B0B-B0EF-C07F151059AD}.Debug|Any CPU.ActiveCfg = Debug|Any CPU
		{6DCD5EE7-EFF1-4B0B-B0EF-C07F151059AD}.Debug|Any CPU.Build.0 = Debug|Any CPU
		{6DCD5EE7-EFF1-4B0B-B0EF-C07F151059AD}.Debug|Mixed Platforms.ActiveCfg = Debug|Any CPU
		{6DCD5EE7-EFF1-4B0B-B0EF-C07F151059AD}.Debug|Mixed Platforms.Build.0 = Debug|Any CPU
		{6DCD5EE7-EFF1-4B0B-B0EF-C07F151059AD}.Debug|Win32.ActiveCfg = Debug|Any CPU
		{6DCD5EE7-EFF1-4B0B-B0EF-C07F151059AD}.Default|Any CPU.ActiveCfg = Debug|Any CPU
		{6DCD5EE7-EFF1-4B0B-B0EF-C07F151059AD}.Default|Any CPU.Build.0 = Debug|Any CPU
		{6DCD5EE7-EFF1-4B0B-B0EF-C07F151059AD}.Default|Mixed Platforms.ActiveCfg = Debug|Any CPU
		{6DCD5EE7-EFF1-4B0B-B0EF-C07F151059AD}.Default|Mixed Platforms.Build.0 = Debug|Any CPU
		{6DCD5EE7-EFF1-4B0B-B0EF-C07F151059AD}.Default|Win32.ActiveCfg = Debug|Any CPU
		{6DCD5EE7-EFF1-4B0B-B0EF-C07F151059AD}.Release|Any CPU.ActiveCfg = Release|Any CPU
		{6DCD5EE7-EFF1-4B0B-B0EF-C07F151059AD}.Release|Any CPU.Build.0 = Release|Any CPU
		{6DCD5EE7-EFF1-4B0B-B0EF-C07F151059AD}.Release|Mixed Platforms.ActiveCfg = Release|Any CPU
		{6DCD5EE7-EFF1-4B0B-B0EF-C07F151059AD}.Release|Mixed Platforms.Build.0 = Release|Any CPU
		{6DCD5EE7-EFF1-4B0B-B0EF-C07F151059AD}.Release|Win32.ActiveCfg = Release|Any CPU
		{AD3EFD25-1B3D-4CE8-B0D6-3D8E8CA52E08}.Debug|Any CPU.ActiveCfg = Debug|Any CPU
		{AD3EFD25-1B3D-4CE8-B0D6-3D8E8CA52E08}.Debug|Any CPU.Build.0 = Debug|Any CPU
		{AD3EFD25-1B3D-4CE8-B0D6-3D8E8CA52E08}.Debug|Mixed Platforms.ActiveCfg = Debug|Any CPU
		{AD3EFD25-1B3D-4CE8-B0D6-3D8E8CA52E08}.Debug|Mixed Platforms.Build.0 = Debug|Any CPU
		{AD3EFD25-1B3D-4CE8-B0D6-3D8E8CA52E08}.Debug|Win32.ActiveCfg = Debug|Any CPU
		{AD3EFD25-1B3D-4CE8-B0D6-3D8E8CA52E08}.Default|Any CPU.ActiveCfg = Debug|Any CPU
		{AD3EFD25-1B3D-4CE8-B0D6-3D8E8CA52E08}.Default|Any CPU.Build.0 = Debug|Any CPU
		{AD3EFD25-1B3D-4CE8-B0D6-3D8E8CA52E08}.Default|Mixed Platforms.ActiveCfg = Debug|Any CPU
		{AD3EFD25-1B3D-4CE8-B0D6-3D8E8CA52E08}.Default|Mixed Platforms.Build.0 = Debug|Any CPU
		{AD3EFD25-1B3D-4CE8-B0D6-3D8E8CA52E08}.Default|Win32.ActiveCfg = Debug|Any CPU
		{AD3EFD25-1B3D-4CE8-B0D6-3D8E8CA52E08}.Release|Any CPU.ActiveCfg = Release|Any CPU
		{AD3EFD25-1B3D-4CE8-B0D6-3D8E8CA52E08}.Release|Any CPU.Build.0 = Release|Any CPU
		{AD3EFD25-1B3D-4CE8-B0D6-3D8E8CA52E08}.Release|Mixed Platforms.ActiveCfg = Release|Any CPU
		{AD3EFD25-1B3D-4CE8-B0D6-3D8E8CA52E08}.Release|Mixed Platforms.Build.0 = Release|Any CPU
		{AD3EFD25-1B3D-4CE8-B0D6-3D8E8CA52E08}.Release|Win32.ActiveCfg = Release|Any CPU
		{F412DBCE-6AB0-4F67-AC76-F7350C1E9E56}.Debug|Any CPU.ActiveCfg = Debug|Any CPU
		{F412DBCE-6AB0-4F67-AC76-F7350C1E9E56}.Debug|Any CPU.Build.0 = Debug|Any CPU
		{F412DBCE-6AB0-4F67-AC76-F7350C1E9E56}.Debug|Mixed Platforms.ActiveCfg = Debug|Any CPU
		{F412DBCE-6AB0-4F67-AC76-F7350C1E9E56}.Debug|Mixed Platforms.Build.0 = Debug|Any CPU
		{F412DBCE-6AB0-4F67-AC76-F7350C1E9E56}.Debug|Win32.ActiveCfg = Debug|Any CPU
		{F412DBCE-6AB0-4F67-AC76-F7350C1E9E56}.Default|Any CPU.ActiveCfg = Debug|Any CPU
		{F412DBCE-6AB0-4F67-AC76-F7350C1E9E56}.Default|Any CPU.Build.0 = Debug|Any CPU
		{F412DBCE-6AB0-4F67-AC76-F7350C1E9E56}.Default|Mixed Platforms.ActiveCfg = Debug|Any CPU
		{F412DBCE-6AB0-4F67-AC76-F7350C1E9E56}.Default|Mixed Platforms.Build.0 = Debug|Any CPU
		{F412DBCE-6AB0-4F67-AC76-F7350C1E9E56}.Default|Win32.ActiveCfg = Debug|Any CPU
		{F412DBCE-6AB0-4F67-AC76-F7350C1E9E56}.Release|Any CPU.ActiveCfg = Release|Any CPU
		{F412DBCE-6AB0-4F67-AC76-F7350C1E9E56}.Release|Any CPU.Build.0 = Release|Any CPU
		{F412DBCE-6AB0-4F67-AC76-F7350C1E9E56}.Release|Mixed Platforms.ActiveCfg = Release|Any CPU
		{F412DBCE-6AB0-4F67-AC76-F7350C1E9E56}.Release|Mixed Platforms.Build.0 = Release|Any CPU
		{F412DBCE-6AB0-4F67-AC76-F7350C1E9E56}.Release|Win32.ActiveCfg = Release|Any CPU
		{987D9556-F88A-487E-8AD3-715D3456869A}.Debug|Any CPU.ActiveCfg = Debug|Any CPU
		{987D9556-F88A-487E-8AD3-715D3456869A}.Debug|Any CPU.Build.0 = Debug|Any CPU
		{987D9556-F88A-487E-8AD3-715D3456869A}.Debug|Mixed Platforms.ActiveCfg = Debug|Any CPU
		{987D9556-F88A-487E-8AD3-715D3456869A}.Debug|Mixed Platforms.Build.0 = Debug|Any CPU
		{987D9556-F88A-487E-8AD3-715D3456869A}.Debug|Win32.ActiveCfg = Debug|Any CPU
		{987D9556-F88A-487E-8AD3-715D3456869A}.Default|Any CPU.ActiveCfg = Debug|Any CPU
		{987D9556-F88A-487E-8AD3-715D3456869A}.Default|Any CPU.Build.0 = Debug|Any CPU
		{987D9556-F88A-487E-8AD3-715D3456869A}.Default|Mixed Platforms.ActiveCfg = Debug|Any CPU
		{987D9556-F88A-487E-8AD3-715D3456869A}.Default|Mixed Platforms.Build.0 = Debug|Any CPU
		{987D9556-F88A-487E-8AD3-715D3456869A}.Default|Win32.ActiveCfg = Debug|Any CPU
		{987D9556-F88A-487E-8AD3-715D3456869A}.Release|Any CPU.ActiveCfg = Release|Any CPU
		{987D9556-F88A-487E-8AD3-715D3456869A}.Release|Any CPU.Build.0 = Release|Any CPU
		{987D9556-F88A-487E-8AD3-715D3456869A}.Release|Mixed Platforms.ActiveCfg = Release|Any CPU
		{987D9556-F88A-487E-8AD3-715D3456869A}.Release|Mixed Platforms.Build.0 = Release|Any CPU
		{987D9556-F88A-487E-8AD3-715D3456869A}.Release|Win32.ActiveCfg = Release|Any CPU
		{18619119-9DC1-4C66-90D4-C01A31843D5E}.Debug|Any CPU.ActiveCfg = Debug|Any CPU
		{18619119-9DC1-4C66-90D4-C01A31843D5E}.Debug|Any CPU.Build.0 = Debug|Any CPU
		{18619119-9DC1-4C66-90D4-C01A31843D5E}.Debug|Mixed Platforms.ActiveCfg = Debug|Any CPU
		{18619119-9DC1-4C66-90D4-C01A31843D5E}.Debug|Mixed Platforms.Build.0 = Debug|Any CPU
		{18619119-9DC1-4C66-90D4-C01A31843D5E}.Debug|Win32.ActiveCfg = Debug|Any CPU
		{18619119-9DC1-4C66-90D4-C01A31843D5E}.Default|Any CPU.ActiveCfg = Debug|Any CPU
		{18619119-9DC1-4C66-90D4-C01A31843D5E}.Default|Any CPU.Build.0 = Debug|Any CPU
		{18619119-9DC1-4C66-90D4-C01A31843D5E}.Default|Mixed Platforms.ActiveCfg = Debug|Any CPU
		{18619119-9DC1-4C66-90D4-C01A31843D5E}.Default|Mixed Platforms.Build.0 = Debug|Any CPU
		{18619119-9DC1-4C66-90D4-C01A31843D5E}.Default|Win32.ActiveCfg = Debug|Any CPU
		{18619119-9DC1-4C66-90D4-C01A31843D5E}.Release|Any CPU.ActiveCfg = Release|Any CPU
		{18619119-9DC1-4C66-90D4-C01A31843D5E}.Release|Any CPU.Build.0 = Release|Any CPU
		{18619119-9DC1-4C66-90D4-C01A31843D5E}.Release|Mixed Platforms.ActiveCfg = Release|Any CPU
		{18619119-9DC1-4C66-90D4-C01A31843D5E}.Release|Mixed Platforms.Build.0 = Release|Any CPU
		{18619119-9DC1-4C66-90D4-C01A31843D5E}.Release|Win32.ActiveCfg = Release|Any CPU
		{213F6650-B952-4102-8DFC-E18F923EE8D7}.Debug|Any CPU.ActiveCfg = Debug|Any CPU
		{213F6650-B952-4102-8DFC-E18F923EE8D7}.Debug|Any CPU.Build.0 = Debug|Any CPU
		{213F6650-B952-4102-8DFC-E18F923EE8D7}.Debug|Mixed Platforms.ActiveCfg = Debug|Any CPU
		{213F6650-B952-4102-8DFC-E18F923EE8D7}.Debug|Mixed Platforms.Build.0 = Debug|Any CPU
		{213F6650-B952-4102-8DFC-E18F923EE8D7}.Debug|Win32.ActiveCfg = Debug|Any CPU
		{213F6650-B952-4102-8DFC-E18F923EE8D7}.Default|Any CPU.ActiveCfg = Debug|Any CPU
		{213F6650-B952-4102-8DFC-E18F923EE8D7}.Default|Any CPU.Build.0 = Debug|Any CPU
		{213F6650-B952-4102-8DFC-E18F923EE8D7}.Default|Mixed Platforms.ActiveCfg = Debug|Any CPU
		{213F6650-B952-4102-8DFC-E18F923EE8D7}.Default|Mixed Platforms.Build.0 = Debug|Any CPU
		{213F6650-B952-4102-8DFC-E18F923EE8D7}.Default|Win32.ActiveCfg = Debug|Any CPU
		{213F6650-B952-4102-8DFC-E18F923EE8D7}.Release|Any CPU.ActiveCfg = Release|Any CPU
		{213F6650-B952-4102-8DFC-E18F923EE8D7}.Release|Any CPU.Build.0 = Release|Any CPU
		{213F6650-B952-4102-8DFC-E18F923EE8D7}.Release|Mixed Platforms.ActiveCfg = Release|Any CPU
		{213F6650-B952-4102-8DFC-E18F923EE8D7}.Release|Mixed Platforms.Build.0 = Release|Any CPU
		{213F6650-B952-4102-8DFC-E18F923EE8D7}.Release|Win32.ActiveCfg = Release|Any CPU
		{76F0AFDE-C9D9-439F-BD74-34EE6928A47C}.Debug|Any CPU.ActiveCfg = Debug|Any CPU
		{76F0AFDE-C9D9-439F-BD74-34EE6928A47C}.Debug|Any CPU.Build.0 = Debug|Any CPU
		{76F0AFDE-C9D9-439F-BD74-34EE6928A47C}.Debug|Mixed Platforms.ActiveCfg = Debug|Any CPU
		{76F0AFDE-C9D9-439F-BD74-34EE6928A47C}.Debug|Mixed Platforms.Build.0 = Debug|Any CPU
		{76F0AFDE-C9D9-439F-BD74-34EE6928A47C}.Debug|Win32.ActiveCfg = Debug|Any CPU
		{76F0AFDE-C9D9-439F-BD74-34EE6928A47C}.Default|Any CPU.ActiveCfg = Debug|Any CPU
		{76F0AFDE-C9D9-439F-BD74-34EE6928A47C}.Default|Any CPU.Build.0 = Debug|Any CPU
		{76F0AFDE-C9D9-439F-BD74-34EE6928A47C}.Default|Mixed Platforms.ActiveCfg = Debug|Any CPU
		{76F0AFDE-C9D9-439F-BD74-34EE6928A47C}.Default|Mixed Platforms.Build.0 = Debug|Any CPU
		{76F0AFDE-C9D9-439F-BD74-34EE6928A47C}.Default|Win32.ActiveCfg = Debug|Any CPU
		{76F0AFDE-C9D9-439F-BD74-34EE6928A47C}.Release|Any CPU.ActiveCfg = Release|Any CPU
		{76F0AFDE-C9D9-439F-BD74-34EE6928A47C}.Release|Any CPU.Build.0 = Release|Any CPU
		{76F0AFDE-C9D9-439F-BD74-34EE6928A47C}.Release|Mixed Platforms.ActiveCfg = Release|Any CPU
		{76F0AFDE-C9D9-439F-BD74-34EE6928A47C}.Release|Mixed Platforms.Build.0 = Release|Any CPU
		{76F0AFDE-C9D9-439F-BD74-34EE6928A47C}.Release|Win32.ActiveCfg = Release|Any CPU
	EndGlobalSection
	GlobalSection(SolutionProperties) = preSolution
		HideSolutionNode = FALSE
	EndGlobalSection
	GlobalSection(NestedProjects) = preSolution
		{00B4D289-F5CF-49FB-9F3A-B68691E717E9} = {2934E849-EFE9-4DB5-9664-661E3465D11F}
		{F5C3FD25-174E-4258-B834-54AD3CD86BE3} = {2934E849-EFE9-4DB5-9664-661E3465D11F}
		{213F6650-B952-4102-8DFC-E18F923EE8D7} = {2934E849-EFE9-4DB5-9664-661E3465D11F}
		{FF44364D-4CD9-41A5-B448-4BC936FF1E2F} = {0879D513-B6A7-4F51-B593-1140472E5145}
		{8E8C3298-951A-410B-BDDB-7A1591772D07} = {0879D513-B6A7-4F51-B593-1140472E5145}
		{8787522D-0465-48D1-8D79-DF49F6CAE8E6} = {0879D513-B6A7-4F51-B593-1140472E5145}
		{2B5A93EB-333D-4ECB-A54F-8A24D12CC631} = {0879D513-B6A7-4F51-B593-1140472E5145}
		{46B136B9-2F1A-4AEE-8DD6-40D168AD7D4A} = {0879D513-B6A7-4F51-B593-1140472E5145}
		{0AE2F230-37DA-4D7C-A66F-7BCAC28D06C9} = {0879D513-B6A7-4F51-B593-1140472E5145}
		{1122F66A-C543-4421-8F43-7AAC1AC36AD2} = {0879D513-B6A7-4F51-B593-1140472E5145}
		{0F47BEB2-2128-4D50-AA43-9315C9E3C53F} = {0879D513-B6A7-4F51-B593-1140472E5145}
		{6DCD5EE7-EFF1-4B0B-B0EF-C07F151059AD} = {0879D513-B6A7-4F51-B593-1140472E5145}
		{AD3EFD25-1B3D-4CE8-B0D6-3D8E8CA52E08} = {0879D513-B6A7-4F51-B593-1140472E5145}
		{18619119-9DC1-4C66-90D4-C01A31843D5E} = {0879D513-B6A7-4F51-B593-1140472E5145}
		{C86CDA16-3FD4-4CB6-97E9-322B2031E728} = {75268884-C26F-43D1-9B8D-D76A76A43EDD}
		{9952344C-87DE-44EE-9E90-292E0EBE7EC1} = {75268884-C26F-43D1-9B8D-D76A76A43EDD}
		{91DBE423-40ED-4847-8E42-E7A67AF452E2} = {75268884-C26F-43D1-9B8D-D76A76A43EDD}
		{4D05AD74-AFBF-4E8D-964D-A69F2F4B0C07} = {75268884-C26F-43D1-9B8D-D76A76A43EDD}
		{413EA111-D40B-46F8-9793-34DCA625CACB} = {75268884-C26F-43D1-9B8D-D76A76A43EDD}
		{1F187E80-A962-4EC9-9886-C59EC100E625} = {75268884-C26F-43D1-9B8D-D76A76A43EDD}
		{857FA606-D558-4A8C-B67C-F9E543F5A862} = {75268884-C26F-43D1-9B8D-D76A76A43EDD}
		{32A0C9CD-22A4-4063-9150-62E35867A9C0} = {75268884-C26F-43D1-9B8D-D76A76A43EDD}
		{FA24CB9B-AF12-4AD2-8AEF-C7760139886D} = {75268884-C26F-43D1-9B8D-D76A76A43EDD}
		{76F0AFDE-C9D9-439F-BD74-34EE6928A47C} = {75268884-C26F-43D1-9B8D-D76A76A43EDD}
		{987D9556-F88A-487E-8AD3-715D3456869A} = {AC26000D-2A6E-4261-8FA4-EE1185F24092}
		{F412DBCE-6AB0-4F67-AC76-F7350C1E9E56} = {AC26000D-2A6E-4261-8FA4-EE1185F24092}
	EndGlobalSection
EndGlobal
