
Microsoft Visual Studio Solution File, Format Version 10.00
# Visual Studio 2008
Project("{FAE04EC0-301F-11D3-BF4B-00C04F79EFBC}") = "CSASPNETCascadingDropDownList", "CSASPNETCascadingDropDownList\CSASPNETCascadingDropDownList.csproj", "{51CCB8D1-05EB-473F-B138-7DB1FB8256BD}"
EndProject
Project("{FAE04EC0-301F-11D3-BF4B-00C04F79EFBC}") = "CSASPNETPageValidation", "CSASPNETPageValidation\CSASPNETPageValidation.csproj", "{F06C1A94-1E2D-4EC9-8020-CCA2ECD148D0}"
EndProject
Project("{FAE04EC0-301F-11D3-BF4B-00C04F79EFBC}") = "CSASPNETAjaxExtender", "CSASPNETAjaxExtender\CSASPNETAjaxExtender.csproj", "{3E7900D2-14BF-46A7-8866-6C96088A8801}"
EndProject
Project("{2150E333-8FDC-42A3-9474-1A3956D46DE8}") = "AJAX", "AJAX", "{468B7C6A-C079-4FB5-AD94-58E20976B033}"
EndProject
Project("{FAE04EC0-301F-11D3-BF4B-00C04F79EFBC}") = "CSASPNETReportViewerExport", "CSASPNETReportViewerExport\CSASPNETReportViewerExport.csproj", "{52131604-2717-41C5-9CC4-DDE2588F3F6F}"
EndProject
Project("{2150E333-8FDC-42A3-9474-1A3956D46DE8}") = "ASP.NET MVC", "ASP.NET MVC", "{CE26606C-2421-4146-A439-56C44F51E155}"
EndProject
Project("{FAE04EC0-301F-11D3-BF4B-00C04F79EFBC}") = "CSASPNETMVCCustomActionFilter", "CSASPNETMVCCustomActionFilter\CSASPNETMVCCustomActionFilter.csproj", "{EB55980B-C1AA-4D87-8622-F255E3F67A07}"
EndProject
Project("{FAE04EC0-301F-11D3-BF4B-00C04F79EFBC}") = "CSASPNETMVCFileDownload", "CSASPNETMVCFileDownload\CSASPNETMVCFileDownload.csproj", "{87E4E4AC-84BA-4C60-BF4B-E4001BB38405}"
EndProject
Project("{FAE04EC0-301F-11D3-BF4B-00C04F79EFBC}") = "CSASPNETGridView", "CSASPNETGridView\CSASPNETGridView.csproj", "{F7DF9BA7-8A3E-498D-A939-39EE45F2E521}"
EndProject
Project("{FAE04EC0-301F-11D3-BF4B-00C04F79EFBC}") = "CSASPNETDataPager", "CSASPNETDataPager\CSASPNETDataPager.csproj", "{9DA35774-7092-4554-B0C2-F62EE5225C17}"
EndProject
Project("{FAE04EC0-301F-11D3-BF4B-00C04F79EFBC}") = "CSASPNETOutputCache", "CSASPNETOutputCache\CSASPNETOutputCache.csproj", "{6B48836C-4BF8-4FFC-A2CC-A0207299D6FD}"
EndProject
Project("{FAE04EC0-301F-11D3-BF4B-00C04F79EFBC}") = "CSASPNETMenu", "CSASPNETMenu\CSASPNETMenu.csproj", "{2B1E0AF8-242C-454E-8E2B-CD2D543C51F6}"
EndProject
Project("{FAE04EC0-301F-11D3-BF4B-00C04F79EFBC}") = "CSASPNETFormViewUpload", "CSASPNETFormViewUpload\CSASPNETFormViewUpload.csproj", "{2F210683-1A4F-428B-AF77-DBD6FE07C1C5}"
EndProject
Project("{A9ACE9BB-CECE-4E62-9AA4-C7E7C5BD2124}") = "SQLServer2005DB", "SQLServer2005DB\SQLServer2005DB.dbproj", "{1DC343D1-92B9-4FB3-8E97-38CE97F84BEA}"
EndProject
Project("{2150E333-8FDC-42A3-9474-1A3956D46DE8}") = "Database", "Database", "{191EE4D5-3F56-44A5-B8AF-2E694301E232}"
EndProject
Project("{FAE04EC0-301F-11D3-BF4B-00C04F79EFBC}") = "CSASPNETCacheAPI", "CSASPNETCacheAPI\CSASPNETCacheAPI.csproj", "{8774CB12-0D19-4E5D-9CB9-975FA3930892}"
EndProject
Project("{FAE04EC0-301F-11D3-BF4B-00C04F79EFBC}") = "CSASPNETAjaxScriptControl", "CSASPNETAjaxScriptControl\CSASPNETAjaxScriptControl.csproj", "{80E458BB-533A-48AA-BE6F-8D9AFEF8DB8D}"
EndProject
Project("{FAE04EC0-301F-11D3-BF4B-00C04F79EFBC}") = "CSASPNETCustomDataSourceForRDLC", "CSASPNETCustomDataSourceForRDLC\CSASPNETCustomDataSourceForRDLC.csproj", "{AD36F5EF-3915-4F4B-8124-C6441FD226A7}"
EndProject
Project("{FAE04EC0-301F-11D3-BF4B-00C04F79EFBC}") = "CSASPNETExcelImportExport", "CSASPNETExcelImportExport\CSASPNETExcelImportExport.csproj", "{D648DC0D-8399-4BE9-9362-7CABFB347750}"
EndProject
Project("{FAE04EC0-301F-11D3-BF4B-00C04F79EFBC}") = "CSASPNETSendMail", "CSASPNETSendMail\CSASPNETSendMail.csproj", "{D19CA761-1A86-4F0C-B3EF-7134B8423B9E}"
EndProject
Project("{FAE04EC0-301F-11D3-BF4B-00C04F79EFBC}") = "CSASPNETImageMap", "CSASPNETImageMap\CSASPNETImageMap.csproj", "{D13EE88E-750C-4977-8DD4-12B5B4106844}"
EndProject
Project("{FAE04EC0-301F-11D3-BF4B-00C04F79EFBC}") = "CSASPNETCustomHttpHandlerandModule", "CSASPNETCustomHttpHandlerandModule\CSASPNETCustomHttpHandlerandModule\CSASPNETCustomHttpHandlerandModule.csproj", "{5EF3EBEE-9588-4627-BE3E-AD1F93E369CE}"
EndProject
Project("{FAE04EC0-301F-11D3-BF4B-00C04F79EFBC}") = "CustomHandlerandModuleProject", "CSASPNETCustomHttpHandlerandModule\CustomHandlerandModuleProject\CustomHandlerandModuleProject.csproj", "{A9B81BBB-D522-4219-A0E4-70D505ED84B3}"
EndProject
Project("{FAE04EC0-301F-11D3-BF4B-00C04F79EFBC}") = "CSASPNETRssFeeds", "CSASPNETRssFeeds\CSASPNETRssFeeds.csproj", "{7C29F92E-6330-43CD-9C40-45FDE4ED4771}"
EndProject
Project("{FAE04EC0-301F-11D3-BF4B-00C04F79EFBC}") = "CSASPNETRDLCMainSubReport", "CSASPNETRDLCMainSubReport\CSASPNETRDLCMainSubReport.csproj", "{747AE130-049F-4D2B-9D23-65421D66DC75}"
EndProject
Project("{FAE04EC0-301F-11D3-BF4B-00C04F79EFBC}") = "CSASPNETMVCPager", "CSASPNETMVCPager\CSASPNETMVCPager.csproj", "{FB745149-DE3D-4916-A939-40FE40311E70}"
EndProject
Project("{FAE04EC0-301F-11D3-BF4B-00C04F79EFBC}") = "CSASPNETuserControlEventExpose", "CSASPNETuserControlEventExpose\CSASPNETuserControlEventExpose.csproj", "{2F3C0F4E-EEAD-4FA2-8432-3B4826C4079B}"
EndProject
Global
	GlobalSection(SolutionConfigurationPlatforms) = preSolution
		Debug|Any CPU = Debug|Any CPU
		Default|Any CPU = Default|Any CPU
		Release|Any CPU = Release|Any CPU
	EndGlobalSection
	GlobalSection(ProjectConfigurationPlatforms) = postSolution
		{51CCB8D1-05EB-473F-B138-7DB1FB8256BD}.Debug|Any CPU.ActiveCfg = Debug|Any CPU
		{51CCB8D1-05EB-473F-B138-7DB1FB8256BD}.Debug|Any CPU.Build.0 = Debug|Any CPU
		{51CCB8D1-05EB-473F-B138-7DB1FB8256BD}.Default|Any CPU.ActiveCfg = Debug|Any CPU
		{51CCB8D1-05EB-473F-B138-7DB1FB8256BD}.Default|Any CPU.Build.0 = Debug|Any CPU
		{51CCB8D1-05EB-473F-B138-7DB1FB8256BD}.Release|Any CPU.ActiveCfg = Release|Any CPU
		{51CCB8D1-05EB-473F-B138-7DB1FB8256BD}.Release|Any CPU.Build.0 = Release|Any CPU
		{F06C1A94-1E2D-4EC9-8020-CCA2ECD148D0}.Debug|Any CPU.ActiveCfg = Debug|Any CPU
		{F06C1A94-1E2D-4EC9-8020-CCA2ECD148D0}.Debug|Any CPU.Build.0 = Debug|Any CPU
		{F06C1A94-1E2D-4EC9-8020-CCA2ECD148D0}.Default|Any CPU.ActiveCfg = Debug|Any CPU
		{F06C1A94-1E2D-4EC9-8020-CCA2ECD148D0}.Default|Any CPU.Build.0 = Debug|Any CPU
		{F06C1A94-1E2D-4EC9-8020-CCA2ECD148D0}.Release|Any CPU.ActiveCfg = Release|Any CPU
		{F06C1A94-1E2D-4EC9-8020-CCA2ECD148D0}.Release|Any CPU.Build.0 = Release|Any CPU
		{3E7900D2-14BF-46A7-8866-6C96088A8801}.Debug|Any CPU.ActiveCfg = Debug|Any CPU
		{3E7900D2-14BF-46A7-8866-6C96088A8801}.Debug|Any CPU.Build.0 = Debug|Any CPU
		{3E7900D2-14BF-46A7-8866-6C96088A8801}.Default|Any CPU.ActiveCfg = Debug|Any CPU
		{3E7900D2-14BF-46A7-8866-6C96088A8801}.Default|Any CPU.Build.0 = Debug|Any CPU
		{3E7900D2-14BF-46A7-8866-6C96088A8801}.Release|Any CPU.ActiveCfg = Release|Any CPU
		{3E7900D2-14BF-46A7-8866-6C96088A8801}.Release|Any CPU.Build.0 = Release|Any CPU
		{52131604-2717-41C5-9CC4-DDE2588F3F6F}.Debug|Any CPU.ActiveCfg = Debug|Any CPU
		{52131604-2717-41C5-9CC4-DDE2588F3F6F}.Debug|Any CPU.Build.0 = Debug|Any CPU
		{52131604-2717-41C5-9CC4-DDE2588F3F6F}.Default|Any CPU.ActiveCfg = Debug|Any CPU
		{52131604-2717-41C5-9CC4-DDE2588F3F6F}.Default|Any CPU.Build.0 = Debug|Any CPU
		{52131604-2717-41C5-9CC4-DDE2588F3F6F}.Release|Any CPU.ActiveCfg = Release|Any CPU
		{52131604-2717-41C5-9CC4-DDE2588F3F6F}.Release|Any CPU.Build.0 = Release|Any CPU
		{EB55980B-C1AA-4D87-8622-F255E3F67A07}.Debug|Any CPU.ActiveCfg = Debug|Any CPU
		{EB55980B-C1AA-4D87-8622-F255E3F67A07}.Debug|Any CPU.Build.0 = Debug|Any CPU
		{EB55980B-C1AA-4D87-8622-F255E3F67A07}.Default|Any CPU.ActiveCfg = Debug|Any CPU
		{EB55980B-C1AA-4D87-8622-F255E3F67A07}.Default|Any CPU.Build.0 = Debug|Any CPU
		{EB55980B-C1AA-4D87-8622-F255E3F67A07}.Release|Any CPU.ActiveCfg = Release|Any CPU
		{EB55980B-C1AA-4D87-8622-F255E3F67A07}.Release|Any CPU.Build.0 = Release|Any CPU
		{87E4E4AC-84BA-4C60-BF4B-E4001BB38405}.Debug|Any CPU.ActiveCfg = Debug|Any CPU
		{87E4E4AC-84BA-4C60-BF4B-E4001BB38405}.Debug|Any CPU.Build.0 = Debug|Any CPU
		{87E4E4AC-84BA-4C60-BF4B-E4001BB38405}.Default|Any CPU.ActiveCfg = Debug|Any CPU
		{87E4E4AC-84BA-4C60-BF4B-E4001BB38405}.Default|Any CPU.Build.0 = Debug|Any CPU
		{87E4E4AC-84BA-4C60-BF4B-E4001BB38405}.Release|Any CPU.ActiveCfg = Release|Any CPU
		{87E4E4AC-84BA-4C60-BF4B-E4001BB38405}.Release|Any CPU.Build.0 = Release|Any CPU
		{F7DF9BA7-8A3E-498D-A939-39EE45F2E521}.Debug|Any CPU.ActiveCfg = Debug|Any CPU
		{F7DF9BA7-8A3E-498D-A939-39EE45F2E521}.Debug|Any CPU.Build.0 = Debug|Any CPU
		{F7DF9BA7-8A3E-498D-A939-39EE45F2E521}.Default|Any CPU.ActiveCfg = Debug|Any CPU
		{F7DF9BA7-8A3E-498D-A939-39EE45F2E521}.Default|Any CPU.Build.0 = Debug|Any CPU
		{F7DF9BA7-8A3E-498D-A939-39EE45F2E521}.Release|Any CPU.ActiveCfg = Release|Any CPU
		{F7DF9BA7-8A3E-498D-A939-39EE45F2E521}.Release|Any CPU.Build.0 = Release|Any CPU
		{9DA35774-7092-4554-B0C2-F62EE5225C17}.Debug|Any CPU.ActiveCfg = Debug|Any CPU
		{9DA35774-7092-4554-B0C2-F62EE5225C17}.Debug|Any CPU.Build.0 = Debug|Any CPU
		{9DA35774-7092-4554-B0C2-F62EE5225C17}.Default|Any CPU.ActiveCfg = Debug|Any CPU
		{9DA35774-7092-4554-B0C2-F62EE5225C17}.Default|Any CPU.Build.0 = Debug|Any CPU
		{9DA35774-7092-4554-B0C2-F62EE5225C17}.Release|Any CPU.ActiveCfg = Release|Any CPU
		{9DA35774-7092-4554-B0C2-F62EE5225C17}.Release|Any CPU.Build.0 = Release|Any CPU
		{6B48836C-4BF8-4FFC-A2CC-A0207299D6FD}.Debug|Any CPU.ActiveCfg = Debug|Any CPU
		{6B48836C-4BF8-4FFC-A2CC-A0207299D6FD}.Debug|Any CPU.Build.0 = Debug|Any CPU
		{6B48836C-4BF8-4FFC-A2CC-A0207299D6FD}.Default|Any CPU.ActiveCfg = Debug|Any CPU
		{6B48836C-4BF8-4FFC-A2CC-A0207299D6FD}.Default|Any CPU.Build.0 = Debug|Any CPU
		{6B48836C-4BF8-4FFC-A2CC-A0207299D6FD}.Release|Any CPU.ActiveCfg = Release|Any CPU
		{6B48836C-4BF8-4FFC-A2CC-A0207299D6FD}.Release|Any CPU.Build.0 = Release|Any CPU
		{2B1E0AF8-242C-454E-8E2B-CD2D543C51F6}.Debug|Any CPU.ActiveCfg = Debug|Any CPU
		{2B1E0AF8-242C-454E-8E2B-CD2D543C51F6}.Debug|Any CPU.Build.0 = Debug|Any CPU
		{2B1E0AF8-242C-454E-8E2B-CD2D543C51F6}.Default|Any CPU.ActiveCfg = Debug|Any CPU
		{2B1E0AF8-242C-454E-8E2B-CD2D543C51F6}.Default|Any CPU.Build.0 = Debug|Any CPU
		{2B1E0AF8-242C-454E-8E2B-CD2D543C51F6}.Release|Any CPU.ActiveCfg = Release|Any CPU
		{2B1E0AF8-242C-454E-8E2B-CD2D543C51F6}.Release|Any CPU.Build.0 = Release|Any CPU
		{2F210683-1A4F-428B-AF77-DBD6FE07C1C5}.Debug|Any CPU.ActiveCfg = Debug|Any CPU
		{2F210683-1A4F-428B-AF77-DBD6FE07C1C5}.Debug|Any CPU.Build.0 = Debug|Any CPU
		{2F210683-1A4F-428B-AF77-DBD6FE07C1C5}.Default|Any CPU.ActiveCfg = Debug|Any CPU
		{2F210683-1A4F-428B-AF77-DBD6FE07C1C5}.Default|Any CPU.Build.0 = Debug|Any CPU
		{2F210683-1A4F-428B-AF77-DBD6FE07C1C5}.Release|Any CPU.ActiveCfg = Release|Any CPU
		{2F210683-1A4F-428B-AF77-DBD6FE07C1C5}.Release|Any CPU.Build.0 = Release|Any CPU
		{1DC343D1-92B9-4FB3-8E97-38CE97F84BEA}.Debug|Any CPU.ActiveCfg = Default|Any CPU
		{1DC343D1-92B9-4FB3-8E97-38CE97F84BEA}.Debug|Any CPU.Build.0 = Default|Any CPU
		{1DC343D1-92B9-4FB3-8E97-38CE97F84BEA}.Debug|Any CPU.Deploy.0 = Default|Any CPU
		{1DC343D1-92B9-4FB3-8E97-38CE97F84BEA}.Default|Any CPU.ActiveCfg = Default|Any CPU
		{1DC343D1-92B9-4FB3-8E97-38CE97F84BEA}.Default|Any CPU.Build.0 = Default|Any CPU
		{1DC343D1-92B9-4FB3-8E97-38CE97F84BEA}.Default|Any CPU.Deploy.0 = Default|Any CPU
		{1DC343D1-92B9-4FB3-8E97-38CE97F84BEA}.Release|Any CPU.ActiveCfg = Default|Any CPU
		{1DC343D1-92B9-4FB3-8E97-38CE97F84BEA}.Release|Any CPU.Build.0 = Default|Any CPU
		{1DC343D1-92B9-4FB3-8E97-38CE97F84BEA}.Release|Any CPU.Deploy.0 = Default|Any CPU
		{8774CB12-0D19-4E5D-9CB9-975FA3930892}.Debug|Any CPU.ActiveCfg = Debug|Any CPU
		{8774CB12-0D19-4E5D-9CB9-975FA3930892}.Debug|Any CPU.Build.0 = Debug|Any CPU
		{8774CB12-0D19-4E5D-9CB9-975FA3930892}.Default|Any CPU.ActiveCfg = Debug|Any CPU
		{8774CB12-0D19-4E5D-9CB9-975FA3930892}.Default|Any CPU.Build.0 = Debug|Any CPU
		{8774CB12-0D19-4E5D-9CB9-975FA3930892}.Release|Any CPU.ActiveCfg = Release|Any CPU
		{8774CB12-0D19-4E5D-9CB9-975FA3930892}.Release|Any CPU.Build.0 = Release|Any CPU
		{80E458BB-533A-48AA-BE6F-8D9AFEF8DB8D}.Debug|Any CPU.ActiveCfg = Debug|Any CPU
		{80E458BB-533A-48AA-BE6F-8D9AFEF8DB8D}.Debug|Any CPU.Build.0 = Debug|Any CPU
		{80E458BB-533A-48AA-BE6F-8D9AFEF8DB8D}.Default|Any CPU.ActiveCfg = Debug|Any CPU
		{80E458BB-533A-48AA-BE6F-8D9AFEF8DB8D}.Default|Any CPU.Build.0 = Debug|Any CPU
		{80E458BB-533A-48AA-BE6F-8D9AFEF8DB8D}.Release|Any CPU.ActiveCfg = Release|Any CPU
		{80E458BB-533A-48AA-BE6F-8D9AFEF8DB8D}.Release|Any CPU.Build.0 = Release|Any CPU
		{AD36F5EF-3915-4F4B-8124-C6441FD226A7}.Debug|Any CPU.ActiveCfg = Debug|Any CPU
		{AD36F5EF-3915-4F4B-8124-C6441FD226A7}.Debug|Any CPU.Build.0 = Debug|Any CPU
		{AD36F5EF-3915-4F4B-8124-C6441FD226A7}.Default|Any CPU.ActiveCfg = Debug|Any CPU
		{AD36F5EF-3915-4F4B-8124-C6441FD226A7}.Default|Any CPU.Build.0 = Debug|Any CPU
		{AD36F5EF-3915-4F4B-8124-C6441FD226A7}.Release|Any CPU.ActiveCfg = Release|Any CPU
		{AD36F5EF-3915-4F4B-8124-C6441FD226A7}.Release|Any CPU.Build.0 = Release|Any CPU
		{D648DC0D-8399-4BE9-9362-7CABFB347750}.Debug|Any CPU.ActiveCfg = Debug|Any CPU
		{D648DC0D-8399-4BE9-9362-7CABFB347750}.Debug|Any CPU.Build.0 = Debug|Any CPU
		{D648DC0D-8399-4BE9-9362-7CABFB347750}.Default|Any CPU.ActiveCfg = Debug|Any CPU
		{D648DC0D-8399-4BE9-9362-7CABFB347750}.Default|Any CPU.Build.0 = Debug|Any CPU
		{D648DC0D-8399-4BE9-9362-7CABFB347750}.Release|Any CPU.ActiveCfg = Release|Any CPU
		{D648DC0D-8399-4BE9-9362-7CABFB347750}.Release|Any CPU.Build.0 = Release|Any CPU
		{D19CA761-1A86-4F0C-B3EF-7134B8423B9E}.Debug|Any CPU.ActiveCfg = Debug|Any CPU
		{D19CA761-1A86-4F0C-B3EF-7134B8423B9E}.Debug|Any CPU.Build.0 = Debug|Any CPU
		{D19CA761-1A86-4F0C-B3EF-7134B8423B9E}.Default|Any CPU.ActiveCfg = Debug|Any CPU
		{D19CA761-1A86-4F0C-B3EF-7134B8423B9E}.Default|Any CPU.Build.0 = Debug|Any CPU
		{D19CA761-1A86-4F0C-B3EF-7134B8423B9E}.Release|Any CPU.ActiveCfg = Release|Any CPU
		{D19CA761-1A86-4F0C-B3EF-7134B8423B9E}.Release|Any CPU.Build.0 = Release|Any CPU
		{D13EE88E-750C-4977-8DD4-12B5B4106844}.Debug|Any CPU.ActiveCfg = Debug|Any CPU
		{D13EE88E-750C-4977-8DD4-12B5B4106844}.Debug|Any CPU.Build.0 = Debug|Any CPU
		{D13EE88E-750C-4977-8DD4-12B5B4106844}.Default|Any CPU.ActiveCfg = Debug|Any CPU
		{D13EE88E-750C-4977-8DD4-12B5B4106844}.Default|Any CPU.Build.0 = Debug|Any CPU
		{D13EE88E-750C-4977-8DD4-12B5B4106844}.Release|Any CPU.ActiveCfg = Release|Any CPU
		{D13EE88E-750C-4977-8DD4-12B5B4106844}.Release|Any CPU.Build.0 = Release|Any CPU
		{5EF3EBEE-9588-4627-BE3E-AD1F93E369CE}.Debug|Any CPU.ActiveCfg = Debug|Any CPU
		{5EF3EBEE-9588-4627-BE3E-AD1F93E369CE}.Debug|Any CPU.Build.0 = Debug|Any CPU
		{5EF3EBEE-9588-4627-BE3E-AD1F93E369CE}.Default|Any CPU.ActiveCfg = Debug|Any CPU
		{5EF3EBEE-9588-4627-BE3E-AD1F93E369CE}.Default|Any CPU.Build.0 = Debug|Any CPU
		{5EF3EBEE-9588-4627-BE3E-AD1F93E369CE}.Release|Any CPU.ActiveCfg = Release|Any CPU
		{5EF3EBEE-9588-4627-BE3E-AD1F93E369CE}.Release|Any CPU.Build.0 = Release|Any CPU
		{A9B81BBB-D522-4219-A0E4-70D505ED84B3}.Debug|Any CPU.ActiveCfg = Debug|Any CPU
		{A9B81BBB-D522-4219-A0E4-70D505ED84B3}.Debug|Any CPU.Build.0 = Debug|Any CPU
		{A9B81BBB-D522-4219-A0E4-70D505ED84B3}.Default|Any CPU.ActiveCfg = Debug|Any CPU
		{A9B81BBB-D522-4219-A0E4-70D505ED84B3}.Default|Any CPU.Build.0 = Debug|Any CPU
		{A9B81BBB-D522-4219-A0E4-70D505ED84B3}.Release|Any CPU.ActiveCfg = Release|Any CPU
		{A9B81BBB-D522-4219-A0E4-70D505ED84B3}.Release|Any CPU.Build.0 = Release|Any CPU
		{7C29F92E-6330-43CD-9C40-45FDE4ED4771}.Debug|Any CPU.ActiveCfg = Debug|Any CPU
		{7C29F92E-6330-43CD-9C40-45FDE4ED4771}.Debug|Any CPU.Build.0 = Debug|Any CPU
		{7C29F92E-6330-43CD-9C40-45FDE4ED4771}.Default|Any CPU.ActiveCfg = Debug|Any CPU
		{7C29F92E-6330-43CD-9C40-45FDE4ED4771}.Default|Any CPU.Build.0 = Debug|Any CPU
		{7C29F92E-6330-43CD-9C40-45FDE4ED4771}.Release|Any CPU.ActiveCfg = Release|Any CPU
		{7C29F92E-6330-43CD-9C40-45FDE4ED4771}.Release|Any CPU.Build.0 = Release|Any CPU
		{747AE130-049F-4D2B-9D23-65421D66DC75}.Debug|Any CPU.ActiveCfg = Debug|Any CPU
		{747AE130-049F-4D2B-9D23-65421D66DC75}.Debug|Any CPU.Build.0 = Debug|Any CPU
		{747AE130-049F-4D2B-9D23-65421D66DC75}.Default|Any CPU.ActiveCfg = Debug|Any CPU
		{747AE130-049F-4D2B-9D23-65421D66DC75}.Default|Any CPU.Build.0 = Debug|Any CPU
		{747AE130-049F-4D2B-9D23-65421D66DC75}.Release|Any CPU.ActiveCfg = Release|Any CPU
		{747AE130-049F-4D2B-9D23-65421D66DC75}.Release|Any CPU.Build.0 = Release|Any CPU
		{FB745149-DE3D-4916-A939-40FE40311E70}.Debug|Any CPU.ActiveCfg = Debug|Any CPU
		{FB745149-DE3D-4916-A939-40FE40311E70}.Debug|Any CPU.Build.0 = Debug|Any CPU
		{FB745149-DE3D-4916-A939-40FE40311E70}.Default|Any CPU.ActiveCfg = Debug|Any CPU
		{FB745149-DE3D-4916-A939-40FE40311E70}.Default|Any CPU.Build.0 = Debug|Any CPU
		{FB745149-DE3D-4916-A939-40FE40311E70}.Release|Any CPU.ActiveCfg = Release|Any CPU
		{FB745149-DE3D-4916-A939-40FE40311E70}.Release|Any CPU.Build.0 = Release|Any CPU
		{2F3C0F4E-EEAD-4FA2-8432-3B4826C4079B}.Debug|Any CPU.ActiveCfg = Debug|Any CPU
		{2F3C0F4E-EEAD-4FA2-8432-3B4826C4079B}.Debug|Any CPU.Build.0 = Debug|Any CPU
		{2F3C0F4E-EEAD-4FA2-8432-3B4826C4079B}.Default|Any CPU.ActiveCfg = Debug|Any CPU
		{2F3C0F4E-EEAD-4FA2-8432-3B4826C4079B}.Default|Any CPU.Build.0 = Debug|Any CPU
		{2F3C0F4E-EEAD-4FA2-8432-3B4826C4079B}.Release|Any CPU.ActiveCfg = Release|Any CPU
		{2F3C0F4E-EEAD-4FA2-8432-3B4826C4079B}.Release|Any CPU.Build.0 = Release|Any CPU
	EndGlobalSection
	GlobalSection(SolutionProperties) = preSolution
		HideSolutionNode = FALSE
	EndGlobalSection
	GlobalSection(NestedProjects) = preSolution
		{3E7900D2-14BF-46A7-8866-6C96088A8801} = {468B7C6A-C079-4FB5-AD94-58E20976B033}
		{80E458BB-533A-48AA-BE6F-8D9AFEF8DB8D} = {468B7C6A-C079-4FB5-AD94-58E20976B033}
		{EB55980B-C1AA-4D87-8622-F255E3F67A07} = {CE26606C-2421-4146-A439-56C44F51E155}
		{87E4E4AC-84BA-4C60-BF4B-E4001BB38405} = {CE26606C-2421-4146-A439-56C44F51E155}
		{FB745149-DE3D-4916-A939-40FE40311E70} = {CE26606C-2421-4146-A439-56C44F51E155}
		{1DC343D1-92B9-4FB3-8E97-38CE97F84BEA} = {191EE4D5-3F56-44A5-B8AF-2E694301E232}
	EndGlobalSection
EndGlobal
