
Microsoft Visual Studio Solution File, Format Version 10.00
# Visual Studio 2008
Project("{8BC9CEB8-8B4A-11D0-8D11-00A0C91BC942}") = "ATLActiveX", "ATLActiveX\ATLActiveX.vcproj", "{35AA02B0-711D-483A-9AC3-950AE542BE3A}"
EndProject
Project("{8BC9CEB8-8B4A-11D0-8D11-00A0C91BC942}") = "ATLCOMService", "ATLCOMService\ATLCOMService.vcproj", "{D682519B-6252-418B-977F-84A739A4F4B7}"
EndProject
Project("{8BC9CEB8-8B4A-11D0-8D11-00A0C91BC942}") = "ATLCOMServicePS", "ATLCOMService\ATLCOMServicePS.vcproj", "{8072D8EC-DB59-4069-AA25-9364C81B9583}"
EndProject
Project("{8BC9CEB8-8B4A-11D0-8D11-00A0C91BC942}") = "ATLDllCOMServer", "ATLDllCOMServer\ATLDllCOMServer.vcproj", "{17919E3C-D862-435F-8667-F7261D686C94}"
EndProject
Project("{8BC9CEB8-8B4A-11D0-8D11-00A0C91BC942}") = "ATLExeCOMServer", "ATLExeCOMServer\ATLExeCOMServer.vcproj", "{2599E4F1-4756-46DC-856A-A38056B4FB18}"
EndProject
Project("{8BC9CEB8-8B4A-11D0-8D11-00A0C91BC942}") = "CppCOMClient", "CppCOMClient\CppCOMClient.vcproj", "{FBC25D3D-DF4B-4243-BECF-07F841E3FD17}"
	ProjectSection(ProjectDependencies) = postProject
		{17919E3C-D862-435F-8667-F7261D686C94} = {17919E3C-D862-435F-8667-F7261D686C94}
		{8974058B-1BAC-44D8-9625-C2C42B6A4A8E} = {8974058B-1BAC-44D8-9625-C2C42B6A4A8E}
	EndProjectSection
EndProject
Project("{FAE04EC0-301F-11D3-BF4B-00C04F79EFBC}") = "CSDllCOMServer", "CSDllCOMServer\CSDllCOMServer.csproj", "{8974058B-1BAC-44D8-9625-C2C42B6A4A8E}"
EndProject
Project("{FAE04EC0-301F-11D3-BF4B-00C04F79EFBC}") = "CSCOMService", "CSCOMService\CSCOMService.csproj", "{884611AA-9379-4783-AE87-8ECBE0239EEB}"
EndProject
Project("{F184B08F-C81C-45F6-A57F-5ABD9991F28F}") = "VBDllCOMServer", "VBDllCOMServer\VBDllCOMServer.vbproj", "{CA87E41B-4E3E-4C7E-B9DB-2896BDCBEB5D}"
EndProject
Project("{FAE04EC0-301F-11D3-BF4B-00C04F79EFBC}") = "CSCOMClient", "CSCOMClient\CSCOMClient.csproj", "{8401AF6A-1EDC-4D85-A678-FFE9E24D0646}"
	ProjectSection(ProjectDependencies) = postProject
		{4DA41212-2B4D-4DEF-A3FF-54DC5AFF3328} = {4DA41212-2B4D-4DEF-A3FF-54DC5AFF3328}
		{17919E3C-D862-435F-8667-F7261D686C94} = {17919E3C-D862-435F-8667-F7261D686C94}
	EndProjectSection
EndProject
Project("{F184B08F-C81C-45F6-A57F-5ABD9991F28F}") = "VBCOMClient", "VBCOMClient\VBCOMClient.vbproj", "{A719351B-38E9-4220-B36F-93A0C4497C43}"
	ProjectSection(ProjectDependencies) = postProject
		{4DA41212-2B4D-4DEF-A3FF-54DC5AFF3328} = {4DA41212-2B4D-4DEF-A3FF-54DC5AFF3328}
		{17919E3C-D862-435F-8667-F7261D686C94} = {17919E3C-D862-435F-8667-F7261D686C94}
	EndProjectSection
EndProject
Project("{8BC9CEB8-8B4A-11D0-8D11-00A0C91BC942}") = "MFCCOMClient", "MFCCOMClient\MFCCOMClient.vcproj", "{04A1450B-0493-4678-AA0F-188A2DB058A2}"
	ProjectSection(ProjectDependencies) = postProject
		{4DA41212-2B4D-4DEF-A3FF-54DC5AFF3328} = {4DA41212-2B4D-4DEF-A3FF-54DC5AFF3328}
		{2599E4F1-4756-46DC-856A-A38056B4FB18} = {2599E4F1-4756-46DC-856A-A38056B4FB18}
	EndProjectSection
EndProject
Project("{FAE04EC0-301F-11D3-BF4B-00C04F79EFBC}") = "HTMLEmbedActiveX", "HTMLEmbedActiveX\HTMLEmbedActiveX.csproj", "{3FE751B4-F29E-44BC-B051-7D66DCA3C8E3}"
	ProjectSection(ProjectDependencies) = postProject
		{4DA41212-2B4D-4DEF-A3FF-54DC5AFF3328} = {4DA41212-2B4D-4DEF-A3FF-54DC5AFF3328}
		{25C56D15-3645-4254-82F8-4A32456795F7} = {25C56D15-3645-4254-82F8-4A32456795F7}
		{0C9A305C-A46A-4846-9A45-D0B620824DD0} = {0C9A305C-A46A-4846-9A45-D0B620824DD0}
	EndProjectSection
EndProject
Project("{8BC9CEB8-8B4A-11D0-8D11-00A0C91BC942}") = "MFCActiveX", "MFCActiveX\MFCActiveX.vcproj", "{4DA41212-2B4D-4DEF-A3FF-54DC5AFF3328}"
EndProject
Project("{8BC9CEB8-8B4A-11D0-8D11-00A0C91BC942}") = "MFCSafeActiveX", "MFCSafeActiveX\MFCSafeActiveX.vcproj", "{0C9A305C-A46A-4846-9A45-D0B620824DD0}"
EndProject
Project("{FAE04EC0-301F-11D3-BF4B-00C04F79EFBC}") = "CSActiveX", "CSActiveX\CSActiveX.csproj", "{25C56D15-3645-4254-82F8-4A32456795F7}"
EndProject
Project("{F184B08F-C81C-45F6-A57F-5ABD9991F28F}") = "VBActiveX", "VBActiveX\VBActiveX.vbproj", "{6FE5AC6D-E08F-4418-86D3-3EC7899E2A38}"
EndProject
Project("{FAE04EC0-301F-11D3-BF4B-00C04F79EFBC}") = "CSExeCOMServer", "CSExeCOMServer\CSExeCOMServer.csproj", "{7B4FB722-905A-4851-8399-1E0F3361CCD8}"
EndProject
Project("{FAE04EC0-301F-11D3-BF4B-00C04F79EFBC}") = "CSServicedComponent", "CSServicedComponent\CSServicedComponent.csproj", "{75587EE9-3B23-4CFC-85A5-D22F06B3D20F}"
EndProject
Project("{F184B08F-C81C-45F6-A57F-5ABD9991F28F}") = "VBServicedComponent", "VBServicedComponent\VBServicedComponent.vbproj", "{2F92AC8F-BEED-4052-98DE-38F0B9A2CD84}"
EndProject
Project("{8BC9CEB8-8B4A-11D0-8D11-00A0C91BC942}") = "ATLCOMClient", "ATLCOMClient\ATLCOMClient.vcproj", "{14D86A77-898B-4B04-AC2D-6F8FC6392A6F}"
	ProjectSection(ProjectDependencies) = postProject
		{17919E3C-D862-435F-8667-F7261D686C94} = {17919E3C-D862-435F-8667-F7261D686C94}
	EndProjectSection
EndProject
Project("{8BC9CEB8-8B4A-11D0-8D11-00A0C91BC942}") = "CppDllCOMServer", "CppDllCOMServer\CppDllCOMServer.vcproj", "{A51D3421-ACA0-46A0-A57B-354AC4B61E53}"
EndProject
Project("{F184B08F-C81C-45F6-A57F-5ABD9991F28F}") = "VBExeCOMServer", "VBExeCOMServer\VBExeCOMServer.vbproj", "{81FD1B88-8D60-4EE5-B50A-FFED1788DCAE}"
EndProject
Project("{2150E333-8FDC-42A3-9474-1A3956D46DE8}") = "In-process COM", "In-process COM", "{4AD0720A-A42C-4446-BC51-FE61611BAC55}"
EndProject
Project("{2150E333-8FDC-42A3-9474-1A3956D46DE8}") = "Out-of-process COM", "Out-of-process COM", "{C8E555EA-BD97-4123-93A2-AADC2418FA71}"
EndProject
Project("{2150E333-8FDC-42A3-9474-1A3956D46DE8}") = "Client", "Client", "{5A805ED2-20C5-4E79-B679-AD5E64DAA775}"
EndProject
Project("{2150E333-8FDC-42A3-9474-1A3956D46DE8}") = "ActiveX", "ActiveX", "{62DD8B8B-B5C3-4EE2-AE14-3FEBA95C336E}"
EndProject
Project("{8BC9CEB8-8B4A-11D0-8D11-00A0C91BC942}") = "CppRegisterTypeLib", "CppRegisterTypeLib\CppRegisterTypeLib.vcproj", "{D0F7999C-28AE-41C6-9B85-497761B5967F}"
EndProject
Project("{FAE04EC0-301F-11D3-BF4B-00C04F79EFBC}") = "CSRegFreeCOMServer", "CSRegFreeCOMServer\CSRegFreeCOMServer.csproj", "{9D03A8C3-47F3-4601-B384-3E2C5956A98C}"
EndProject
Project("{F184B08F-C81C-45F6-A57F-5ABD9991F28F}") = "VBRegFreeCOMServer", "VBRegFreeCOMServer\VBRegFreeCOMServer.vbproj", "{9ACC7432-AC57-4B8F-B084-07AFEE5F72B9}"
EndProject
Project("{8BC9CEB8-8B4A-11D0-8D11-00A0C91BC942}") = "CppRegFreeCOMClient", "CppRegFreeCOMClient\CppRegFreeCOMClient.vcproj", "{7946FD4F-AF62-48DB-8BFD-DBD46F69E9D7}"
EndProject
Project("{FAE04EC0-301F-11D3-BF4B-00C04F79EFBC}") = "CSRegFreeCOMClient", "CSRegFreeCOMClient\CSRegFreeCOMClient.csproj", "{8DC023A8-18E2-4AFE-B7BF-DBDB644D6FC0}"
EndProject
Project("{8BC9CEB8-8B4A-11D0-8D11-00A0C91BC942}") = "CppExeCOMServer", "CppExeCOMServer\CppExeCOMServer.vcproj", "{B34B96B8-EA20-4C3C-9BE5-A338BEE0709A}"
EndProject
Global
	GlobalSection(SolutionConfigurationPlatforms) = preSolution
		Debug|Any CPU = Debug|Any CPU
		Debug|Mixed Platforms = Debug|Mixed Platforms
		Debug|Win32 = Debug|Win32
		Release|Any CPU = Release|Any CPU
		Release|Mixed Platforms = Release|Mixed Platforms
		Release|Win32 = Release|Win32
	EndGlobalSection
	GlobalSection(ProjectConfigurationPlatforms) = postSolution
		{35AA02B0-711D-483A-9AC3-950AE542BE3A}.Debug|Any CPU.ActiveCfg = Debug|Win32
		{35AA02B0-711D-483A-9AC3-950AE542BE3A}.Debug|Mixed Platforms.ActiveCfg = Debug|Win32
		{35AA02B0-711D-483A-9AC3-950AE542BE3A}.Debug|Mixed Platforms.Build.0 = Debug|Win32
		{35AA02B0-711D-483A-9AC3-950AE542BE3A}.Debug|Win32.ActiveCfg = Debug|Win32
		{35AA02B0-711D-483A-9AC3-950AE542BE3A}.Debug|Win32.Build.0 = Debug|Win32
		{35AA02B0-711D-483A-9AC3-950AE542BE3A}.Release|Any CPU.ActiveCfg = Release|Win32
		{35AA02B0-711D-483A-9AC3-950AE542BE3A}.Release|Mixed Platforms.ActiveCfg = Release|Win32
		{35AA02B0-711D-483A-9AC3-950AE542BE3A}.Release|Mixed Platforms.Build.0 = Release|Win32
		{35AA02B0-711D-483A-9AC3-950AE542BE3A}.Release|Win32.ActiveCfg = Release|Win32
		{35AA02B0-711D-483A-9AC3-950AE542BE3A}.Release|Win32.Build.0 = Release|Win32
		{D682519B-6252-418B-977F-84A739A4F4B7}.Debug|Any CPU.ActiveCfg = Debug|Win32
		{D682519B-6252-418B-977F-84A739A4F4B7}.Debug|Mixed Platforms.ActiveCfg = Debug|Win32
		{D682519B-6252-418B-977F-84A739A4F4B7}.Debug|Mixed Platforms.Build.0 = Debug|Win32
		{D682519B-6252-418B-977F-84A739A4F4B7}.Debug|Win32.ActiveCfg = Debug|Win32
		{D682519B-6252-418B-977F-84A739A4F4B7}.Debug|Win32.Build.0 = Debug|Win32
		{D682519B-6252-418B-977F-84A739A4F4B7}.Release|Any CPU.ActiveCfg = Release|Win32
		{D682519B-6252-418B-977F-84A739A4F4B7}.Release|Mixed Platforms.ActiveCfg = Release|Win32
		{D682519B-6252-418B-977F-84A739A4F4B7}.Release|Mixed Platforms.Build.0 = Release|Win32
		{D682519B-6252-418B-977F-84A739A4F4B7}.Release|Win32.ActiveCfg = Release|Win32
		{D682519B-6252-418B-977F-84A739A4F4B7}.Release|Win32.Build.0 = Release|Win32
		{8072D8EC-DB59-4069-AA25-9364C81B9583}.Debug|Any CPU.ActiveCfg = Debug|Win32
		{8072D8EC-DB59-4069-AA25-9364C81B9583}.Debug|Mixed Platforms.ActiveCfg = Debug|Win32
		{8072D8EC-DB59-4069-AA25-9364C81B9583}.Debug|Mixed Platforms.Build.0 = Debug|Win32
		{8072D8EC-DB59-4069-AA25-9364C81B9583}.Debug|Win32.ActiveCfg = Debug|Win32
		{8072D8EC-DB59-4069-AA25-9364C81B9583}.Debug|Win32.Build.0 = Debug|Win32
		{8072D8EC-DB59-4069-AA25-9364C81B9583}.Release|Any CPU.ActiveCfg = Release|Win32
		{8072D8EC-DB59-4069-AA25-9364C81B9583}.Release|Mixed Platforms.ActiveCfg = Release|Win32
		{8072D8EC-DB59-4069-AA25-9364C81B9583}.Release|Mixed Platforms.Build.0 = Release|Win32
		{8072D8EC-DB59-4069-AA25-9364C81B9583}.Release|Win32.ActiveCfg = Release|Win32
		{8072D8EC-DB59-4069-AA25-9364C81B9583}.Release|Win32.Build.0 = Release|Win32
		{17919E3C-D862-435F-8667-F7261D686C94}.Debug|Any CPU.ActiveCfg = Debug|Win32
		{17919E3C-D862-435F-8667-F7261D686C94}.Debug|Mixed Platforms.ActiveCfg = Debug|Win32
		{17919E3C-D862-435F-8667-F7261D686C94}.Debug|Mixed Platforms.Build.0 = Debug|Win32
		{17919E3C-D862-435F-8667-F7261D686C94}.Debug|Win32.ActiveCfg = Debug|Win32
		{17919E3C-D862-435F-8667-F7261D686C94}.Debug|Win32.Build.0 = Debug|Win32
		{17919E3C-D862-435F-8667-F7261D686C94}.Release|Any CPU.ActiveCfg = Release|Win32
		{17919E3C-D862-435F-8667-F7261D686C94}.Release|Mixed Platforms.ActiveCfg = Release|Win32
		{17919E3C-D862-435F-8667-F7261D686C94}.Release|Mixed Platforms.Build.0 = Release|Win32
		{17919E3C-D862-435F-8667-F7261D686C94}.Release|Win32.ActiveCfg = Release|Win32
		{17919E3C-D862-435F-8667-F7261D686C94}.Release|Win32.Build.0 = Release|Win32
		{2599E4F1-4756-46DC-856A-A38056B4FB18}.Debug|Any CPU.ActiveCfg = Debug|Win32
		{2599E4F1-4756-46DC-856A-A38056B4FB18}.Debug|Mixed Platforms.ActiveCfg = Debug|Win32
		{2599E4F1-4756-46DC-856A-A38056B4FB18}.Debug|Mixed Platforms.Build.0 = Debug|Win32
		{2599E4F1-4756-46DC-856A-A38056B4FB18}.Debug|Win32.ActiveCfg = Debug|Win32
		{2599E4F1-4756-46DC-856A-A38056B4FB18}.Debug|Win32.Build.0 = Debug|Win32
		{2599E4F1-4756-46DC-856A-A38056B4FB18}.Release|Any CPU.ActiveCfg = Release|Win32
		{2599E4F1-4756-46DC-856A-A38056B4FB18}.Release|Mixed Platforms.ActiveCfg = Release|Win32
		{2599E4F1-4756-46DC-856A-A38056B4FB18}.Release|Mixed Platforms.Build.0 = Release|Win32
		{2599E4F1-4756-46DC-856A-A38056B4FB18}.Release|Win32.ActiveCfg = Release|Win32
		{2599E4F1-4756-46DC-856A-A38056B4FB18}.Release|Win32.Build.0 = Release|Win32
		{FBC25D3D-DF4B-4243-BECF-07F841E3FD17}.Debug|Any CPU.ActiveCfg = Debug|Win32
		{FBC25D3D-DF4B-4243-BECF-07F841E3FD17}.Debug|Mixed Platforms.ActiveCfg = Debug|Win32
		{FBC25D3D-DF4B-4243-BECF-07F841E3FD17}.Debug|Mixed Platforms.Build.0 = Debug|Win32
		{FBC25D3D-DF4B-4243-BECF-07F841E3FD17}.Debug|Win32.ActiveCfg = Debug|Win32
		{FBC25D3D-DF4B-4243-BECF-07F841E3FD17}.Debug|Win32.Build.0 = Debug|Win32
		{FBC25D3D-DF4B-4243-BECF-07F841E3FD17}.Release|Any CPU.ActiveCfg = Release|Win32
		{FBC25D3D-DF4B-4243-BECF-07F841E3FD17}.Release|Mixed Platforms.ActiveCfg = Release|Win32
		{FBC25D3D-DF4B-4243-BECF-07F841E3FD17}.Release|Mixed Platforms.Build.0 = Release|Win32
		{FBC25D3D-DF4B-4243-BECF-07F841E3FD17}.Release|Win32.ActiveCfg = Release|Win32
		{FBC25D3D-DF4B-4243-BECF-07F841E3FD17}.Release|Win32.Build.0 = Release|Win32
		{8974058B-1BAC-44D8-9625-C2C42B6A4A8E}.Debug|Any CPU.ActiveCfg = Debug|Any CPU
		{8974058B-1BAC-44D8-9625-C2C42B6A4A8E}.Debug|Any CPU.Build.0 = Debug|Any CPU
		{8974058B-1BAC-44D8-9625-C2C42B6A4A8E}.Debug|Mixed Platforms.ActiveCfg = Debug|Any CPU
		{8974058B-1BAC-44D8-9625-C2C42B6A4A8E}.Debug|Mixed Platforms.Build.0 = Debug|Any CPU
		{8974058B-1BAC-44D8-9625-C2C42B6A4A8E}.Debug|Win32.ActiveCfg = Debug|Any CPU
		{8974058B-1BAC-44D8-9625-C2C42B6A4A8E}.Release|Any CPU.ActiveCfg = Release|Any CPU
		{8974058B-1BAC-44D8-9625-C2C42B6A4A8E}.Release|Any CPU.Build.0 = Release|Any CPU
		{8974058B-1BAC-44D8-9625-C2C42B6A4A8E}.Release|Mixed Platforms.ActiveCfg = Release|Any CPU
		{8974058B-1BAC-44D8-9625-C2C42B6A4A8E}.Release|Mixed Platforms.Build.0 = Release|Any CPU
		{8974058B-1BAC-44D8-9625-C2C42B6A4A8E}.Release|Win32.ActiveCfg = Release|Any CPU
		{884611AA-9379-4783-AE87-8ECBE0239EEB}.Debug|Any CPU.ActiveCfg = Debug|Any CPU
		{884611AA-9379-4783-AE87-8ECBE0239EEB}.Debug|Any CPU.Build.0 = Debug|Any CPU
		{884611AA-9379-4783-AE87-8ECBE0239EEB}.Debug|Mixed Platforms.ActiveCfg = Debug|Any CPU
		{884611AA-9379-4783-AE87-8ECBE0239EEB}.Debug|Mixed Platforms.Build.0 = Debug|Any CPU
		{884611AA-9379-4783-AE87-8ECBE0239EEB}.Debug|Win32.ActiveCfg = Debug|Any CPU
		{884611AA-9379-4783-AE87-8ECBE0239EEB}.Release|Any CPU.ActiveCfg = Release|Any CPU
		{884611AA-9379-4783-AE87-8ECBE0239EEB}.Release|Any CPU.Build.0 = Release|Any CPU
		{884611AA-9379-4783-AE87-8ECBE0239EEB}.Release|Mixed Platforms.ActiveCfg = Release|Any CPU
		{884611AA-9379-4783-AE87-8ECBE0239EEB}.Release|Mixed Platforms.Build.0 = Release|Any CPU
		{884611AA-9379-4783-AE87-8ECBE0239EEB}.Release|Win32.ActiveCfg = Release|Any CPU
		{CA87E41B-4E3E-4C7E-B9DB-2896BDCBEB5D}.Debug|Any CPU.ActiveCfg = Debug|Any CPU
		{CA87E41B-4E3E-4C7E-B9DB-2896BDCBEB5D}.Debug|Any CPU.Build.0 = Debug|Any CPU
		{CA87E41B-4E3E-4C7E-B9DB-2896BDCBEB5D}.Debug|Mixed Platforms.ActiveCfg = Debug|Any CPU
		{CA87E41B-4E3E-4C7E-B9DB-2896BDCBEB5D}.Debug|Mixed Platforms.Build.0 = Debug|Any CPU
		{CA87E41B-4E3E-4C7E-B9DB-2896BDCBEB5D}.Debug|Win32.ActiveCfg = Debug|Any CPU
		{CA87E41B-4E3E-4C7E-B9DB-2896BDCBEB5D}.Release|Any CPU.ActiveCfg = Release|Any CPU
		{CA87E41B-4E3E-4C7E-B9DB-2896BDCBEB5D}.Release|Any CPU.Build.0 = Release|Any CPU
		{CA87E41B-4E3E-4C7E-B9DB-2896BDCBEB5D}.Release|Mixed Platforms.ActiveCfg = Release|Any CPU
		{CA87E41B-4E3E-4C7E-B9DB-2896BDCBEB5D}.Release|Mixed Platforms.Build.0 = Release|Any CPU
		{CA87E41B-4E3E-4C7E-B9DB-2896BDCBEB5D}.Release|Win32.ActiveCfg = Release|Any CPU
		{8401AF6A-1EDC-4D85-A678-FFE9E24D0646}.Debug|Any CPU.ActiveCfg = Debug|Any CPU
		{8401AF6A-1EDC-4D85-A678-FFE9E24D0646}.Debug|Any CPU.Build.0 = Debug|Any CPU
		{8401AF6A-1EDC-4D85-A678-FFE9E24D0646}.Debug|Mixed Platforms.ActiveCfg = Debug|Any CPU
		{8401AF6A-1EDC-4D85-A678-FFE9E24D0646}.Debug|Mixed Platforms.Build.0 = Debug|Any CPU
		{8401AF6A-1EDC-4D85-A678-FFE9E24D0646}.Debug|Win32.ActiveCfg = Debug|Any CPU
		{8401AF6A-1EDC-4D85-A678-FFE9E24D0646}.Release|Any CPU.ActiveCfg = Release|Any CPU
		{8401AF6A-1EDC-4D85-A678-FFE9E24D0646}.Release|Any CPU.Build.0 = Release|Any CPU
		{8401AF6A-1EDC-4D85-A678-FFE9E24D0646}.Release|Mixed Platforms.ActiveCfg = Release|Any CPU
		{8401AF6A-1EDC-4D85-A678-FFE9E24D0646}.Release|Mixed Platforms.Build.0 = Release|Any CPU
		{8401AF6A-1EDC-4D85-A678-FFE9E24D0646}.Release|Win32.ActiveCfg = Release|Any CPU
		{A719351B-38E9-4220-B36F-93A0C4497C43}.Debug|Any CPU.ActiveCfg = Debug|Any CPU
		{A719351B-38E9-4220-B36F-93A0C4497C43}.Debug|Any CPU.Build.0 = Debug|Any CPU
		{A719351B-38E9-4220-B36F-93A0C4497C43}.Debug|Mixed Platforms.ActiveCfg = Debug|Any CPU
		{A719351B-38E9-4220-B36F-93A0C4497C43}.Debug|Mixed Platforms.Build.0 = Debug|Any CPU
		{A719351B-38E9-4220-B36F-93A0C4497C43}.Debug|Win32.ActiveCfg = Debug|Any CPU
		{A719351B-38E9-4220-B36F-93A0C4497C43}.Release|Any CPU.ActiveCfg = Release|Any CPU
		{A719351B-38E9-4220-B36F-93A0C4497C43}.Release|Any CPU.Build.0 = Release|Any CPU
		{A719351B-38E9-4220-B36F-93A0C4497C43}.Release|Mixed Platforms.ActiveCfg = Release|Any CPU
		{A719351B-38E9-4220-B36F-93A0C4497C43}.Release|Mixed Platforms.Build.0 = Release|Any CPU
		{A719351B-38E9-4220-B36F-93A0C4497C43}.Release|Win32.ActiveCfg = Release|Any CPU
		{04A1450B-0493-4678-AA0F-188A2DB058A2}.Debug|Any CPU.ActiveCfg = Debug|Win32
		{04A1450B-0493-4678-AA0F-188A2DB058A2}.Debug|Mixed Platforms.ActiveCfg = Debug|Win32
		{04A1450B-0493-4678-AA0F-188A2DB058A2}.Debug|Mixed Platforms.Build.0 = Debug|Win32
		{04A1450B-0493-4678-AA0F-188A2DB058A2}.Debug|Win32.ActiveCfg = Debug|Win32
		{04A1450B-0493-4678-AA0F-188A2DB058A2}.Debug|Win32.Build.0 = Debug|Win32
		{04A1450B-0493-4678-AA0F-188A2DB058A2}.Release|Any CPU.ActiveCfg = Release|Win32
		{04A1450B-0493-4678-AA0F-188A2DB058A2}.Release|Mixed Platforms.ActiveCfg = Release|Win32
		{04A1450B-0493-4678-AA0F-188A2DB058A2}.Release|Mixed Platforms.Build.0 = Release|Win32
		{04A1450B-0493-4678-AA0F-188A2DB058A2}.Release|Win32.ActiveCfg = Release|Win32
		{04A1450B-0493-4678-AA0F-188A2DB058A2}.Release|Win32.Build.0 = Release|Win32
		{3FE751B4-F29E-44BC-B051-7D66DCA3C8E3}.Debug|Any CPU.ActiveCfg = Debug|Any CPU
		{3FE751B4-F29E-44BC-B051-7D66DCA3C8E3}.Debug|Any CPU.Build.0 = Debug|Any CPU
		{3FE751B4-F29E-44BC-B051-7D66DCA3C8E3}.Debug|Mixed Platforms.ActiveCfg = Debug|Any CPU
		{3FE751B4-F29E-44BC-B051-7D66DCA3C8E3}.Debug|Mixed Platforms.Build.0 = Debug|Any CPU
		{3FE751B4-F29E-44BC-B051-7D66DCA3C8E3}.Debug|Win32.ActiveCfg = Debug|Any CPU
		{3FE751B4-F29E-44BC-B051-7D66DCA3C8E3}.Release|Any CPU.ActiveCfg = Release|Any CPU
		{3FE751B4-F29E-44BC-B051-7D66DCA3C8E3}.Release|Any CPU.Build.0 = Release|Any CPU
		{3FE751B4-F29E-44BC-B051-7D66DCA3C8E3}.Release|Mixed Platforms.ActiveCfg = Release|Any CPU
		{3FE751B4-F29E-44BC-B051-7D66DCA3C8E3}.Release|Mixed Platforms.Build.0 = Release|Any CPU
		{3FE751B4-F29E-44BC-B051-7D66DCA3C8E3}.Release|Win32.ActiveCfg = Release|Any CPU
		{4DA41212-2B4D-4DEF-A3FF-54DC5AFF3328}.Debug|Any CPU.ActiveCfg = Debug|Win32
		{4DA41212-2B4D-4DEF-A3FF-54DC5AFF3328}.Debug|Mixed Platforms.ActiveCfg = Release|Win32
		{4DA41212-2B4D-4DEF-A3FF-54DC5AFF3328}.Debug|Mixed Platforms.Build.0 = Release|Win32
		{4DA41212-2B4D-4DEF-A3FF-54DC5AFF3328}.Debug|Win32.ActiveCfg = Debug|Win32
		{4DA41212-2B4D-4DEF-A3FF-54DC5AFF3328}.Debug|Win32.Build.0 = Debug|Win32
		{4DA41212-2B4D-4DEF-A3FF-54DC5AFF3328}.Release|Any CPU.ActiveCfg = Release|Win32
		{4DA41212-2B4D-4DEF-A3FF-54DC5AFF3328}.Release|Mixed Platforms.ActiveCfg = Release|Win32
		{4DA41212-2B4D-4DEF-A3FF-54DC5AFF3328}.Release|Mixed Platforms.Build.0 = Release|Win32
		{4DA41212-2B4D-4DEF-A3FF-54DC5AFF3328}.Release|Win32.ActiveCfg = Release|Win32
		{4DA41212-2B4D-4DEF-A3FF-54DC5AFF3328}.Release|Win32.Build.0 = Release|Win32
		{0C9A305C-A46A-4846-9A45-D0B620824DD0}.Debug|Any CPU.ActiveCfg = Debug|Win32
		{0C9A305C-A46A-4846-9A45-D0B620824DD0}.Debug|Mixed Platforms.ActiveCfg = Release|Win32
		{0C9A305C-A46A-4846-9A45-D0B620824DD0}.Debug|Mixed Platforms.Build.0 = Release|Win32
		{0C9A305C-A46A-4846-9A45-D0B620824DD0}.Debug|Win32.ActiveCfg = Debug|Win32
		{0C9A305C-A46A-4846-9A45-D0B620824DD0}.Debug|Win32.Build.0 = Debug|Win32
		{0C9A305C-A46A-4846-9A45-D0B620824DD0}.Release|Any CPU.ActiveCfg = Release|Win32
		{0C9A305C-A46A-4846-9A45-D0B620824DD0}.Release|Mixed Platforms.ActiveCfg = Release|Win32
		{0C9A305C-A46A-4846-9A45-D0B620824DD0}.Release|Mixed Platforms.Build.0 = Release|Win32
		{0C9A305C-A46A-4846-9A45-D0B620824DD0}.Release|Win32.ActiveCfg = Release|Win32
		{0C9A305C-A46A-4846-9A45-D0B620824DD0}.Release|Win32.Build.0 = Release|Win32
		{25C56D15-3645-4254-82F8-4A32456795F7}.Debug|Any CPU.ActiveCfg = Debug|Any CPU
		{25C56D15-3645-4254-82F8-4A32456795F7}.Debug|Any CPU.Build.0 = Debug|Any CPU
		{25C56D15-3645-4254-82F8-4A32456795F7}.Debug|Mixed Platforms.ActiveCfg = Debug|Any CPU
		{25C56D15-3645-4254-82F8-4A32456795F7}.Debug|Mixed Platforms.Build.0 = Debug|Any CPU
		{25C56D15-3645-4254-82F8-4A32456795F7}.Debug|Win32.ActiveCfg = Debug|Any CPU
		{25C56D15-3645-4254-82F8-4A32456795F7}.Release|Any CPU.ActiveCfg = Release|Any CPU
		{25C56D15-3645-4254-82F8-4A32456795F7}.Release|Any CPU.Build.0 = Release|Any CPU
		{25C56D15-3645-4254-82F8-4A32456795F7}.Release|Mixed Platforms.ActiveCfg = Release|Any CPU
		{25C56D15-3645-4254-82F8-4A32456795F7}.Release|Mixed Platforms.Build.0 = Release|Any CPU
		{25C56D15-3645-4254-82F8-4A32456795F7}.Release|Win32.ActiveCfg = Release|Any CPU
		{6FE5AC6D-E08F-4418-86D3-3EC7899E2A38}.Debug|Any CPU.ActiveCfg = Debug|Any CPU
		{6FE5AC6D-E08F-4418-86D3-3EC7899E2A38}.Debug|Any CPU.Build.0 = Debug|Any CPU
		{6FE5AC6D-E08F-4418-86D3-3EC7899E2A38}.Debug|Mixed Platforms.ActiveCfg = Debug|Any CPU
		{6FE5AC6D-E08F-4418-86D3-3EC7899E2A38}.Debug|Mixed Platforms.Build.0 = Debug|Any CPU
		{6FE5AC6D-E08F-4418-86D3-3EC7899E2A38}.Debug|Win32.ActiveCfg = Debug|Any CPU
		{6FE5AC6D-E08F-4418-86D3-3EC7899E2A38}.Release|Any CPU.ActiveCfg = Release|Any CPU
		{6FE5AC6D-E08F-4418-86D3-3EC7899E2A38}.Release|Any CPU.Build.0 = Release|Any CPU
		{6FE5AC6D-E08F-4418-86D3-3EC7899E2A38}.Release|Mixed Platforms.ActiveCfg = Release|Any CPU
		{6FE5AC6D-E08F-4418-86D3-3EC7899E2A38}.Release|Mixed Platforms.Build.0 = Release|Any CPU
		{6FE5AC6D-E08F-4418-86D3-3EC7899E2A38}.Release|Win32.ActiveCfg = Release|Any CPU
		{7B4FB722-905A-4851-8399-1E0F3361CCD8}.Debug|Any CPU.ActiveCfg = Debug|Any CPU
		{7B4FB722-905A-4851-8399-1E0F3361CCD8}.Debug|Any CPU.Build.0 = Debug|Any CPU
		{7B4FB722-905A-4851-8399-1E0F3361CCD8}.Debug|Mixed Platforms.ActiveCfg = Debug|Any CPU
		{7B4FB722-905A-4851-8399-1E0F3361CCD8}.Debug|Mixed Platforms.Build.0 = Debug|Any CPU
		{7B4FB722-905A-4851-8399-1E0F3361CCD8}.Debug|Win32.ActiveCfg = Debug|Any CPU
		{7B4FB722-905A-4851-8399-1E0F3361CCD8}.Release|Any CPU.ActiveCfg = Release|Any CPU
		{7B4FB722-905A-4851-8399-1E0F3361CCD8}.Release|Any CPU.Build.0 = Release|Any CPU
		{7B4FB722-905A-4851-8399-1E0F3361CCD8}.Release|Mixed Platforms.ActiveCfg = Release|Any CPU
		{7B4FB722-905A-4851-8399-1E0F3361CCD8}.Release|Mixed Platforms.Build.0 = Release|Any CPU
		{7B4FB722-905A-4851-8399-1E0F3361CCD8}.Release|Win32.ActiveCfg = Release|Any CPU
		{75587EE9-3B23-4CFC-85A5-D22F06B3D20F}.Debug|Any CPU.ActiveCfg = Debug|Any CPU
		{75587EE9-3B23-4CFC-85A5-D22F06B3D20F}.Debug|Any CPU.Build.0 = Debug|Any CPU
		{75587EE9-3B23-4CFC-85A5-D22F06B3D20F}.Debug|Mixed Platforms.ActiveCfg = Debug|Any CPU
		{75587EE9-3B23-4CFC-85A5-D22F06B3D20F}.Debug|Mixed Platforms.Build.0 = Debug|Any CPU
		{75587EE9-3B23-4CFC-85A5-D22F06B3D20F}.Debug|Win32.ActiveCfg = Debug|Any CPU
		{75587EE9-3B23-4CFC-85A5-D22F06B3D20F}.Release|Any CPU.ActiveCfg = Release|Any CPU
		{75587EE9-3B23-4CFC-85A5-D22F06B3D20F}.Release|Any CPU.Build.0 = Release|Any CPU
		{75587EE9-3B23-4CFC-85A5-D22F06B3D20F}.Release|Mixed Platforms.ActiveCfg = Release|Any CPU
		{75587EE9-3B23-4CFC-85A5-D22F06B3D20F}.Release|Mixed Platforms.Build.0 = Release|Any CPU
		{75587EE9-3B23-4CFC-85A5-D22F06B3D20F}.Release|Win32.ActiveCfg = Release|Any CPU
		{2F92AC8F-BEED-4052-98DE-38F0B9A2CD84}.Debug|Any CPU.ActiveCfg = Debug|Any CPU
		{2F92AC8F-BEED-4052-98DE-38F0B9A2CD84}.Debug|Any CPU.Build.0 = Debug|Any CPU
		{2F92AC8F-BEED-4052-98DE-38F0B9A2CD84}.Debug|Mixed Platforms.ActiveCfg = Debug|Any CPU
		{2F92AC8F-BEED-4052-98DE-38F0B9A2CD84}.Debug|Mixed Platforms.Build.0 = Debug|Any CPU
		{2F92AC8F-BEED-4052-98DE-38F0B9A2CD84}.Debug|Win32.ActiveCfg = Debug|Any CPU
		{2F92AC8F-BEED-4052-98DE-38F0B9A2CD84}.Release|Any CPU.ActiveCfg = Release|Any CPU
		{2F92AC8F-BEED-4052-98DE-38F0B9A2CD84}.Release|Any CPU.Build.0 = Release|Any CPU
		{2F92AC8F-BEED-4052-98DE-38F0B9A2CD84}.Release|Mixed Platforms.ActiveCfg = Release|Any CPU
		{2F92AC8F-BEED-4052-98DE-38F0B9A2CD84}.Release|Mixed Platforms.Build.0 = Release|Any CPU
		{2F92AC8F-BEED-4052-98DE-38F0B9A2CD84}.Release|Win32.ActiveCfg = Release|Any CPU
		{14D86A77-898B-4B04-AC2D-6F8FC6392A6F}.Debug|Any CPU.ActiveCfg = Debug|Win32
		{14D86A77-898B-4B04-AC2D-6F8FC6392A6F}.Debug|Mixed Platforms.ActiveCfg = Debug|Win32
		{14D86A77-898B-4B04-AC2D-6F8FC6392A6F}.Debug|Mixed Platforms.Build.0 = Debug|Win32
		{14D86A77-898B-4B04-AC2D-6F8FC6392A6F}.Debug|Win32.ActiveCfg = Debug|Win32
		{14D86A77-898B-4B04-AC2D-6F8FC6392A6F}.Debug|Win32.Build.0 = Debug|Win32
		{14D86A77-898B-4B04-AC2D-6F8FC6392A6F}.Release|Any CPU.ActiveCfg = Release|Win32
		{14D86A77-898B-4B04-AC2D-6F8FC6392A6F}.Release|Mixed Platforms.ActiveCfg = Release|Win32
		{14D86A77-898B-4B04-AC2D-6F8FC6392A6F}.Release|Mixed Platforms.Build.0 = Release|Win32
		{14D86A77-898B-4B04-AC2D-6F8FC6392A6F}.Release|Win32.ActiveCfg = Release|Win32
		{14D86A77-898B-4B04-AC2D-6F8FC6392A6F}.Release|Win32.Build.0 = Release|Win32
		{A51D3421-ACA0-46A0-A57B-354AC4B61E53}.Debug|Any CPU.ActiveCfg = Debug|Win32
		{A51D3421-ACA0-46A0-A57B-354AC4B61E53}.Debug|Mixed Platforms.ActiveCfg = Debug|Win32
		{A51D3421-ACA0-46A0-A57B-354AC4B61E53}.Debug|Mixed Platforms.Build.0 = Debug|Win32
		{A51D3421-ACA0-46A0-A57B-354AC4B61E53}.Debug|Win32.ActiveCfg = Debug|Win32
		{A51D3421-ACA0-46A0-A57B-354AC4B61E53}.Debug|Win32.Build.0 = Debug|Win32
		{A51D3421-ACA0-46A0-A57B-354AC4B61E53}.Release|Any CPU.ActiveCfg = Release|Win32
		{A51D3421-ACA0-46A0-A57B-354AC4B61E53}.Release|Mixed Platforms.ActiveCfg = Release|Win32
		{A51D3421-ACA0-46A0-A57B-354AC4B61E53}.Release|Mixed Platforms.Build.0 = Release|Win32
		{A51D3421-ACA0-46A0-A57B-354AC4B61E53}.Release|Win32.ActiveCfg = Release|Win32
		{A51D3421-ACA0-46A0-A57B-354AC4B61E53}.Release|Win32.Build.0 = Release|Win32
		{81FD1B88-8D60-4EE5-B50A-FFED1788DCAE}.Debug|Any CPU.ActiveCfg = Debug|Any CPU
		{81FD1B88-8D60-4EE5-B50A-FFED1788DCAE}.Debug|Any CPU.Build.0 = Debug|Any CPU
		{81FD1B88-8D60-4EE5-B50A-FFED1788DCAE}.Debug|Mixed Platforms.ActiveCfg = Debug|Any CPU
		{81FD1B88-8D60-4EE5-B50A-FFED1788DCAE}.Debug|Mixed Platforms.Build.0 = Debug|Any CPU
		{81FD1B88-8D60-4EE5-B50A-FFED1788DCAE}.Debug|Win32.ActiveCfg = Debug|Any CPU
		{81FD1B88-8D60-4EE5-B50A-FFED1788DCAE}.Release|Any CPU.ActiveCfg = Release|Any CPU
		{81FD1B88-8D60-4EE5-B50A-FFED1788DCAE}.Release|Any CPU.Build.0 = Release|Any CPU
		{81FD1B88-8D60-4EE5-B50A-FFED1788DCAE}.Release|Mixed Platforms.ActiveCfg = Release|Any CPU
		{81FD1B88-8D60-4EE5-B50A-FFED1788DCAE}.Release|Mixed Platforms.Build.0 = Release|Any CPU
		{81FD1B88-8D60-4EE5-B50A-FFED1788DCAE}.Release|Win32.ActiveCfg = Release|Any CPU
		{D0F7999C-28AE-41C6-9B85-497761B5967F}.Debug|Any CPU.ActiveCfg = Debug|Win32
		{D0F7999C-28AE-41C6-9B85-497761B5967F}.Debug|Mixed Platforms.ActiveCfg = Debug|Win32
		{D0F7999C-28AE-41C6-9B85-497761B5967F}.Debug|Mixed Platforms.Build.0 = Debug|Win32
		{D0F7999C-28AE-41C6-9B85-497761B5967F}.Debug|Win32.ActiveCfg = Debug|Win32
		{D0F7999C-28AE-41C6-9B85-497761B5967F}.Debug|Win32.Build.0 = Debug|Win32
		{D0F7999C-28AE-41C6-9B85-497761B5967F}.Release|Any CPU.ActiveCfg = Release|Win32
		{D0F7999C-28AE-41C6-9B85-497761B5967F}.Release|Mixed Platforms.ActiveCfg = Release|Win32
		{D0F7999C-28AE-41C6-9B85-497761B5967F}.Release|Mixed Platforms.Build.0 = Release|Win32
		{D0F7999C-28AE-41C6-9B85-497761B5967F}.Release|Win32.ActiveCfg = Release|Win32
		{D0F7999C-28AE-41C6-9B85-497761B5967F}.Release|Win32.Build.0 = Release|Win32
		{9D03A8C3-47F3-4601-B384-3E2C5956A98C}.Debug|Any CPU.ActiveCfg = Debug|Any CPU
		{9D03A8C3-47F3-4601-B384-3E2C5956A98C}.Debug|Any CPU.Build.0 = Debug|Any CPU
		{9D03A8C3-47F3-4601-B384-3E2C5956A98C}.Debug|Mixed Platforms.ActiveCfg = Debug|Any CPU
		{9D03A8C3-47F3-4601-B384-3E2C5956A98C}.Debug|Mixed Platforms.Build.0 = Debug|Any CPU
		{9D03A8C3-47F3-4601-B384-3E2C5956A98C}.Debug|Win32.ActiveCfg = Debug|Any CPU
		{9D03A8C3-47F3-4601-B384-3E2C5956A98C}.Release|Any CPU.ActiveCfg = Release|Any CPU
		{9D03A8C3-47F3-4601-B384-3E2C5956A98C}.Release|Any CPU.Build.0 = Release|Any CPU
		{9D03A8C3-47F3-4601-B384-3E2C5956A98C}.Release|Mixed Platforms.ActiveCfg = Release|Any CPU
		{9D03A8C3-47F3-4601-B384-3E2C5956A98C}.Release|Mixed Platforms.Build.0 = Release|Any CPU
		{9D03A8C3-47F3-4601-B384-3E2C5956A98C}.Release|Win32.ActiveCfg = Release|Any CPU
		{9ACC7432-AC57-4B8F-B084-07AFEE5F72B9}.Debug|Any CPU.ActiveCfg = Debug|Any CPU
		{9ACC7432-AC57-4B8F-B084-07AFEE5F72B9}.Debug|Any CPU.Build.0 = Debug|Any CPU
		{9ACC7432-AC57-4B8F-B084-07AFEE5F72B9}.Debug|Mixed Platforms.ActiveCfg = Debug|Any CPU
		{9ACC7432-AC57-4B8F-B084-07AFEE5F72B9}.Debug|Mixed Platforms.Build.0 = Debug|Any CPU
		{9ACC7432-AC57-4B8F-B084-07AFEE5F72B9}.Debug|Win32.ActiveCfg = Debug|Any CPU
		{9ACC7432-AC57-4B8F-B084-07AFEE5F72B9}.Release|Any CPU.ActiveCfg = Release|Any CPU
		{9ACC7432-AC57-4B8F-B084-07AFEE5F72B9}.Release|Any CPU.Build.0 = Release|Any CPU
		{9ACC7432-AC57-4B8F-B084-07AFEE5F72B9}.Release|Mixed Platforms.ActiveCfg = Release|Any CPU
		{9ACC7432-AC57-4B8F-B084-07AFEE5F72B9}.Release|Mixed Platforms.Build.0 = Release|Any CPU
		{9ACC7432-AC57-4B8F-B084-07AFEE5F72B9}.Release|Win32.ActiveCfg = Release|Any CPU
		{7946FD4F-AF62-48DB-8BFD-DBD46F69E9D7}.Debug|Any CPU.ActiveCfg = Debug|Win32
		{7946FD4F-AF62-48DB-8BFD-DBD46F69E9D7}.Debug|Mixed Platforms.ActiveCfg = Debug|Win32
		{7946FD4F-AF62-48DB-8BFD-DBD46F69E9D7}.Debug|Mixed Platforms.Build.0 = Debug|Win32
		{7946FD4F-AF62-48DB-8BFD-DBD46F69E9D7}.Debug|Win32.ActiveCfg = Debug|Win32
		{7946FD4F-AF62-48DB-8BFD-DBD46F69E9D7}.Debug|Win32.Build.0 = Debug|Win32
		{7946FD4F-AF62-48DB-8BFD-DBD46F69E9D7}.Release|Any CPU.ActiveCfg = Release|Win32
		{7946FD4F-AF62-48DB-8BFD-DBD46F69E9D7}.Release|Mixed Platforms.ActiveCfg = Release|Win32
		{7946FD4F-AF62-48DB-8BFD-DBD46F69E9D7}.Release|Mixed Platforms.Build.0 = Release|Win32
		{7946FD4F-AF62-48DB-8BFD-DBD46F69E9D7}.Release|Win32.ActiveCfg = Release|Win32
		{7946FD4F-AF62-48DB-8BFD-DBD46F69E9D7}.Release|Win32.Build.0 = Release|Win32
		{8DC023A8-18E2-4AFE-B7BF-DBDB644D6FC0}.Debug|Any CPU.ActiveCfg = Debug|Any CPU
		{8DC023A8-18E2-4AFE-B7BF-DBDB644D6FC0}.Debug|Any CPU.Build.0 = Debug|Any CPU
		{8DC023A8-18E2-4AFE-B7BF-DBDB644D6FC0}.Debug|Mixed Platforms.ActiveCfg = Debug|Any CPU
		{8DC023A8-18E2-4AFE-B7BF-DBDB644D6FC0}.Debug|Mixed Platforms.Build.0 = Debug|Any CPU
		{8DC023A8-18E2-4AFE-B7BF-DBDB644D6FC0}.Debug|Win32.ActiveCfg = Debug|Any CPU
		{8DC023A8-18E2-4AFE-B7BF-DBDB644D6FC0}.Release|Any CPU.ActiveCfg = Release|Any CPU
		{8DC023A8-18E2-4AFE-B7BF-DBDB644D6FC0}.Release|Any CPU.Build.0 = Release|Any CPU
		{8DC023A8-18E2-4AFE-B7BF-DBDB644D6FC0}.Release|Mixed Platforms.ActiveCfg = Release|Any CPU
		{8DC023A8-18E2-4AFE-B7BF-DBDB644D6FC0}.Release|Mixed Platforms.Build.0 = Release|Any CPU
		{8DC023A8-18E2-4AFE-B7BF-DBDB644D6FC0}.Release|Win32.ActiveCfg = Release|Any CPU
		{B34B96B8-EA20-4C3C-9BE5-A338BEE0709A}.Debug|Any CPU.ActiveCfg = Debug|Win32
		{B34B96B8-EA20-4C3C-9BE5-A338BEE0709A}.Debug|Mixed Platforms.ActiveCfg = Debug|Win32
		{B34B96B8-EA20-4C3C-9BE5-A338BEE0709A}.Debug|Mixed Platforms.Build.0 = Debug|Win32
		{B34B96B8-EA20-4C3C-9BE5-A338BEE0709A}.Debug|Win32.ActiveCfg = Debug|Win32
		{B34B96B8-EA20-4C3C-9BE5-A338BEE0709A}.Debug|Win32.Build.0 = Debug|Win32
		{B34B96B8-EA20-4C3C-9BE5-A338BEE0709A}.Release|Any CPU.ActiveCfg = Release|Win32
		{B34B96B8-EA20-4C3C-9BE5-A338BEE0709A}.Release|Mixed Platforms.ActiveCfg = Release|Win32
		{B34B96B8-EA20-4C3C-9BE5-A338BEE0709A}.Release|Mixed Platforms.Build.0 = Release|Win32
		{B34B96B8-EA20-4C3C-9BE5-A338BEE0709A}.Release|Win32.ActiveCfg = Release|Win32
		{B34B96B8-EA20-4C3C-9BE5-A338BEE0709A}.Release|Win32.Build.0 = Release|Win32
	EndGlobalSection
	GlobalSection(SolutionProperties) = preSolution
		HideSolutionNode = FALSE
	EndGlobalSection
	GlobalSection(NestedProjects) = preSolution
		{4DA41212-2B4D-4DEF-A3FF-54DC5AFF3328} = {62DD8B8B-B5C3-4EE2-AE14-3FEBA95C336E}
		{0C9A305C-A46A-4846-9A45-D0B620824DD0} = {62DD8B8B-B5C3-4EE2-AE14-3FEBA95C336E}
		{25C56D15-3645-4254-82F8-4A32456795F7} = {62DD8B8B-B5C3-4EE2-AE14-3FEBA95C336E}
		{6FE5AC6D-E08F-4418-86D3-3EC7899E2A38} = {62DD8B8B-B5C3-4EE2-AE14-3FEBA95C336E}
		{35AA02B0-711D-483A-9AC3-950AE542BE3A} = {62DD8B8B-B5C3-4EE2-AE14-3FEBA95C336E}
		{8072D8EC-DB59-4069-AA25-9364C81B9583} = {C8E555EA-BD97-4123-93A2-AADC2418FA71}
		{2599E4F1-4756-46DC-856A-A38056B4FB18} = {C8E555EA-BD97-4123-93A2-AADC2418FA71}
		{884611AA-9379-4783-AE87-8ECBE0239EEB} = {C8E555EA-BD97-4123-93A2-AADC2418FA71}
		{7B4FB722-905A-4851-8399-1E0F3361CCD8} = {C8E555EA-BD97-4123-93A2-AADC2418FA71}
		{75587EE9-3B23-4CFC-85A5-D22F06B3D20F} = {C8E555EA-BD97-4123-93A2-AADC2418FA71}
		{2F92AC8F-BEED-4052-98DE-38F0B9A2CD84} = {C8E555EA-BD97-4123-93A2-AADC2418FA71}
		{81FD1B88-8D60-4EE5-B50A-FFED1788DCAE} = {C8E555EA-BD97-4123-93A2-AADC2418FA71}
		{D682519B-6252-418B-977F-84A739A4F4B7} = {C8E555EA-BD97-4123-93A2-AADC2418FA71}
		{B34B96B8-EA20-4C3C-9BE5-A338BEE0709A} = {C8E555EA-BD97-4123-93A2-AADC2418FA71}
		{8974058B-1BAC-44D8-9625-C2C42B6A4A8E} = {4AD0720A-A42C-4446-BC51-FE61611BAC55}
		{CA87E41B-4E3E-4C7E-B9DB-2896BDCBEB5D} = {4AD0720A-A42C-4446-BC51-FE61611BAC55}
		{A51D3421-ACA0-46A0-A57B-354AC4B61E53} = {4AD0720A-A42C-4446-BC51-FE61611BAC55}
		{17919E3C-D862-435F-8667-F7261D686C94} = {4AD0720A-A42C-4446-BC51-FE61611BAC55}
		{9D03A8C3-47F3-4601-B384-3E2C5956A98C} = {4AD0720A-A42C-4446-BC51-FE61611BAC55}
		{9ACC7432-AC57-4B8F-B084-07AFEE5F72B9} = {4AD0720A-A42C-4446-BC51-FE61611BAC55}
		{8401AF6A-1EDC-4D85-A678-FFE9E24D0646} = {5A805ED2-20C5-4E79-B679-AD5E64DAA775}
		{A719351B-38E9-4220-B36F-93A0C4497C43} = {5A805ED2-20C5-4E79-B679-AD5E64DAA775}
		{04A1450B-0493-4678-AA0F-188A2DB058A2} = {5A805ED2-20C5-4E79-B679-AD5E64DAA775}
		{3FE751B4-F29E-44BC-B051-7D66DCA3C8E3} = {5A805ED2-20C5-4E79-B679-AD5E64DAA775}
		{14D86A77-898B-4B04-AC2D-6F8FC6392A6F} = {5A805ED2-20C5-4E79-B679-AD5E64DAA775}
		{FBC25D3D-DF4B-4243-BECF-07F841E3FD17} = {5A805ED2-20C5-4E79-B679-AD5E64DAA775}
		{7946FD4F-AF62-48DB-8BFD-DBD46F69E9D7} = {5A805ED2-20C5-4E79-B679-AD5E64DAA775}
		{8DC023A8-18E2-4AFE-B7BF-DBDB644D6FC0} = {5A805ED2-20C5-4E79-B679-AD5E64DAA775}
	EndGlobalSection
EndGlobal
